
Microsoft Visual Studio Solution File, Format Version 12.00
VisualStudioVersion = 12.0.30501.0
MinimumVisualStudioVersion = 12.0.30501.0
Project("{8BC9CEB8-8B4A-11D0-8D11-00A0C91BC942}") = "libbluray", "libbluray.vcxproj", "{B67554E5-6253-4C94-8BCD-B8F87479970B}"
	ProjectSection(ProjectDependencies) = postProject
		{E62DC439-DE3B-4F2F-84DF-B34E51FA1969} = {E62DC439-DE3B-4F2F-84DF-B34E51FA1969}
		{CB8BB76F-D3FF-434E-A85E-7FFC0893EC9B} = {CB8BB76F-D3FF-434E-A85E-7FFC0893EC9B}
		{CFE70273-7A79-4815-AF95-1E02E2675E37} = {CFE70273-7A79-4815-AF95-1E02E2675E37}
		{DBF1E8F7-5B7D-4CBF-842A-B7E0C02520DC} = {DBF1E8F7-5B7D-4CBF-842A-B7E0C02520DC}
	EndProjectSection
EndProject
Project("{8BC9CEB8-8B4A-11D0-8D11-00A0C91BC942}") = "libbluray_winrt", "libbluray_winrt.vcxproj", "{A67554E5-6253-4C94-8BCD-B8F87479970B}"
	ProjectSection(ProjectDependencies) = postProject
		{A62DC439-DE3B-4F2F-84DF-B34E51FA1969} = {A62DC439-DE3B-4F2F-84DF-B34E51FA1969}
		{AB8BB76F-D3FF-434E-A85E-7FFC0893EC9B} = {AB8BB76F-D3FF-434E-A85E-7FFC0893EC9B}
		{AFE70273-7A79-4815-AF95-1E02E2675E37} = {AFE70273-7A79-4815-AF95-1E02E2675E37}
		{ABF1E8F7-5B7D-4CBF-842A-B7E0C02520DC} = {ABF1E8F7-5B7D-4CBF-842A-B7E0C02520DC}
	EndProjectSection
EndProject
Project("{2150E333-8FDC-42A3-9474-1A3956D46DE8}") = "dependencies", "dependencies", "{EEF49A46-2953-4440-A380-922C3C996564}"
EndProject
Project("{8BC9CEB8-8B4A-11D0-8D11-00A0C91BC942}") = "libfontconfig", "..\..\fontconfig\SMP\libfontconfig.vcxproj", "{DBF1E8F7-5B7D-4CBF-842A-B7E0C02520DC}"
	ProjectSection(ProjectDependencies) = postProject
		{E62DC439-DE3B-4F2F-84DF-B34E51FA1969} = {E62DC439-DE3B-4F2F-84DF-B34E51FA1969}
		{CB8BB76F-D3FF-434E-A85E-7FFC0893EC9B} = {CB8BB76F-D3FF-434E-A85E-7FFC0893EC9B}
		{CFE70273-7A79-4815-AF95-1E02E2675E37} = {CFE70273-7A79-4815-AF95-1E02E2675E37}
	EndProjectSection
EndProject
Project("{8BC9CEB8-8B4A-11D0-8D11-00A0C91BC942}") = "libfreetype2", "..\..\freetype2\SMP\libfreetype2.vcxproj", "{E62DC439-DE3B-4F2F-84DF-B34E51FA1969}"
EndProject
Project("{8BC9CEB8-8B4A-11D0-8D11-00A0C91BC942}") = "libxml2", "..\..\libxml2\SMP\libxml2.vcxproj", "{CFE70273-7A79-4815-AF95-1E02E2675E37}"
	ProjectSection(ProjectDependencies) = postProject
		{CA9A4A38-CC63-4BDB-8CFB-E058965DDA32} = {CA9A4A38-CC63-4BDB-8CFB-E058965DDA32}
		{85763F39-23DF-4C04-B7DF-7FBE3E7CF336} = {85763F39-23DF-4C04-B7DF-7FBE3E7CF336}
		{CB8BB76F-D3FF-434E-A85E-7FFC0893EC9B} = {CB8BB76F-D3FF-434E-A85E-7FFC0893EC9B}
	EndProjectSection
EndProject
Project("{8BC9CEB8-8B4A-11D0-8D11-00A0C91BC942}") = "libiconv", "..\..\libiconv\SMP\libiconv.vcxproj", "{CB8BB76F-D3FF-434E-A85E-7FFC0893EC9B}"
EndProject
Project("{8BC9CEB8-8B4A-11D0-8D11-00A0C91BC942}") = "liblzma", "..\..\liblzma\SMP\liblzma.vcxproj", "{85763F39-23DF-4C04-B7DF-7FBE3E7CF336}"
EndProject
Project("{8BC9CEB8-8B4A-11D0-8D11-00A0C91BC942}") = "libzlib", "..\..\zlib\SMP\libzlib.vcxproj", "{CA9A4A38-CC63-4BDB-8CFB-E058965DDA32}"
EndProject
Project("{8BC9CEB8-8B4A-11D0-8D11-00A0C91BC942}") = "libfontconfig_winrt", "..\..\fontconfig\SMP\libfontconfig_winrt.vcxproj", "{ABF1E8F7-5B7D-4CBF-842A-B7E0C02520DC}"
	ProjectSection(ProjectDependencies) = postProject
		{A62DC439-DE3B-4F2F-84DF-B34E51FA1969} = {A62DC439-DE3B-4F2F-84DF-B34E51FA1969}
		{AB8BB76F-D3FF-434E-A85E-7FFC0893EC9B} = {AB8BB76F-D3FF-434E-A85E-7FFC0893EC9B}
		{AFE70273-7A79-4815-AF95-1E02E2675E37} = {AFE70273-7A79-4815-AF95-1E02E2675E37}
	EndProjectSection
EndProject
Project("{8BC9CEB8-8B4A-11D0-8D11-00A0C91BC942}") = "libfreetype2_winrt", "..\..\freetype2\SMP\libfreetype2_winrt.vcxproj", "{A62DC439-DE3B-4F2F-84DF-B34E51FA1969}"
EndProject
Project("{8BC9CEB8-8B4A-11D0-8D11-00A0C91BC942}") = "libxml2_winrt", "..\..\libxml2\SMP\libxml2_winrt.vcxproj", "{AFE70273-7A79-4815-AF95-1E02E2675E37}"
	ProjectSection(ProjectDependencies) = postProject
		{AA9A4A38-CC63-4BDB-8CFB-E058965DDA32} = {AA9A4A38-CC63-4BDB-8CFB-E058965DDA32}
		{A5763F39-23DF-4C04-B7DF-7FBE3E7CF336} = {A5763F39-23DF-4C04-B7DF-7FBE3E7CF336}
		{AB8BB76F-D3FF-434E-A85E-7FFC0893EC9B} = {AB8BB76F-D3FF-434E-A85E-7FFC0893EC9B}
	EndProjectSection
EndProject
Project("{8BC9CEB8-8B4A-11D0-8D11-00A0C91BC942}") = "libiconv_winrt", "..\..\libiconv\SMP\libiconv_winrt.vcxproj", "{AB8BB76F-D3FF-434E-A85E-7FFC0893EC9B}"
EndProject
Project("{8BC9CEB8-8B4A-11D0-8D11-00A0C91BC942}") = "liblzma_winrt", "..\..\liblzma\SMP\liblzma_winrt.vcxproj", "{A5763F39-23DF-4C04-B7DF-7FBE3E7CF336}"
EndProject
Project("{8BC9CEB8-8B4A-11D0-8D11-00A0C91BC942}") = "libzlib_winrt", "..\..\zlib\SMP\libzlib_winrt.vcxproj", "{AA9A4A38-CC63-4BDB-8CFB-E058965DDA32}"
EndProject
Global
	GlobalSection(SolutionConfigurationPlatforms) = preSolution
		Debug|x64 = Debug|x64
		Debug|x86 = Debug|x86
		DebugDLL|x64 = DebugDLL|x64
		DebugDLL|x86 = DebugDLL|x86
		DebugDLLWinRT|x64 = DebugDLLWinRT|x64
		DebugDLLWinRT|x86 = DebugDLLWinRT|x86
		DebugWinRT|x64 = DebugWinRT|x64
		DebugWinRT|x86 = DebugWinRT|x86
		Release|x64 = Release|x64
		Release|x86 = Release|x86
		ReleaseDLL|x64 = ReleaseDLL|x64
		ReleaseDLL|x86 = ReleaseDLL|x86
		ReleaseDLLStaticDeps|x64 = ReleaseDLLStaticDeps|x64
		ReleaseDLLStaticDeps|x86 = ReleaseDLLStaticDeps|x86
		ReleaseDLLWinRT|x64 = ReleaseDLLWinRT|x64
		ReleaseDLLWinRT|x86 = ReleaseDLLWinRT|x86
		ReleaseDLLWinRTStaticDeps|x64 = ReleaseDLLWinRTStaticDeps|x64
		ReleaseDLLWinRTStaticDeps|x86 = ReleaseDLLWinRTStaticDeps|x86
		ReleaseWinRT|x64 = ReleaseWinRT|x64
		ReleaseWinRT|x86 = ReleaseWinRT|x86
	EndGlobalSection
	GlobalSection(ProjectConfigurationPlatforms) = postSolution
		{B67554E5-6253-4C94-8BCD-B8F87479970B}.Debug|x64.ActiveCfg = Debug|x64
		{B67554E5-6253-4C94-8BCD-B8F87479970B}.Debug|x64.Build.0 = Debug|x64
		{B67554E5-6253-4C94-8BCD-B8F87479970B}.Debug|x86.ActiveCfg = Debug|Win32
		{B67554E5-6253-4C94-8BCD-B8F87479970B}.Debug|x86.Build.0 = Debug|Win32
		{B67554E5-6253-4C94-8BCD-B8F87479970B}.DebugDLL|x64.ActiveCfg = DebugDLL|x64
		{B67554E5-6253-4C94-8BCD-B8F87479970B}.DebugDLL|x64.Build.0 = DebugDLL|x64
		{B67554E5-6253-4C94-8BCD-B8F87479970B}.DebugDLL|x86.ActiveCfg = DebugDLL|Win32
		{B67554E5-6253-4C94-8BCD-B8F87479970B}.DebugDLL|x86.Build.0 = DebugDLL|Win32
		{B67554E5-6253-4C94-8BCD-B8F87479970B}.DebugDLLWinRT|x64.ActiveCfg = DebugDLL|x64
		{B67554E5-6253-4C94-8BCD-B8F87479970B}.DebugDLLWinRT|x86.ActiveCfg = DebugDLL|Win32
		{B67554E5-6253-4C94-8BCD-B8F87479970B}.DebugWinRT|x64.ActiveCfg = Debug|x64
		{B67554E5-6253-4C94-8BCD-B8F87479970B}.DebugWinRT|x86.ActiveCfg = Debug|Win32
		{B67554E5-6253-4C94-8BCD-B8F87479970B}.Release|x64.ActiveCfg = Release|x64
		{B67554E5-6253-4C94-8BCD-B8F87479970B}.Release|x64.Build.0 = Release|x64
		{B67554E5-6253-4C94-8BCD-B8F87479970B}.Release|x86.ActiveCfg = Release|Win32
		{B67554E5-6253-4C94-8BCD-B8F87479970B}.Release|x86.Build.0 = Release|Win32
		{B67554E5-6253-4C94-8BCD-B8F87479970B}.ReleaseDLL|x64.ActiveCfg = ReleaseDLL|x64
		{B67554E5-6253-4C94-8BCD-B8F87479970B}.ReleaseDLL|x64.Build.0 = ReleaseDLL|x64
		{B67554E5-6253-4C94-8BCD-B8F87479970B}.ReleaseDLL|x86.ActiveCfg = ReleaseDLL|Win32
		{B67554E5-6253-4C94-8BCD-B8F87479970B}.ReleaseDLL|x86.Build.0 = ReleaseDLL|Win32
		{B67554E5-6253-4C94-8BCD-B8F87479970B}.ReleaseDLLStaticDeps|x64.ActiveCfg = ReleaseDLLStaticDeps|x64
		{B67554E5-6253-4C94-8BCD-B8F87479970B}.ReleaseDLLStaticDeps|x64.Build.0 = ReleaseDLLStaticDeps|x64
		{B67554E5-6253-4C94-8BCD-B8F87479970B}.ReleaseDLLStaticDeps|x86.ActiveCfg = ReleaseDLLStaticDeps|Win32
		{B67554E5-6253-4C94-8BCD-B8F87479970B}.ReleaseDLLStaticDeps|x86.Build.0 = ReleaseDLLStaticDeps|Win32
		{B67554E5-6253-4C94-8BCD-B8F87479970B}.ReleaseDLLWinRT|x64.ActiveCfg = ReleaseDLL|x64
		{B67554E5-6253-4C94-8BCD-B8F87479970B}.ReleaseDLLWinRT|x86.ActiveCfg = ReleaseDLL|Win32
		{B67554E5-6253-4C94-8BCD-B8F87479970B}.ReleaseDLLWinRTStaticDeps|x64.ActiveCfg = ReleaseDLLStaticDeps|x64
		{B67554E5-6253-4C94-8BCD-B8F87479970B}.ReleaseDLLWinRTStaticDeps|x86.ActiveCfg = ReleaseDLLStaticDeps|Win32
		{B67554E5-6253-4C94-8BCD-B8F87479970B}.ReleaseWinRT|x64.ActiveCfg = Release|x64
		{B67554E5-6253-4C94-8BCD-B8F87479970B}.ReleaseWinRT|x86.ActiveCfg = Release|Win32
		{A67554E5-6253-4C94-8BCD-B8F87479970B}.Debug|x64.ActiveCfg = DebugWinRT|x64
		{A67554E5-6253-4C94-8BCD-B8F87479970B}.Debug|x86.ActiveCfg = DebugWinRT|Win32
		{A67554E5-6253-4C94-8BCD-B8F87479970B}.DebugDLL|x64.ActiveCfg = DebugDLLWinRT|x64
		{A67554E5-6253-4C94-8BCD-B8F87479970B}.DebugDLL|x86.ActiveCfg = DebugDLLWinRT|Win32
		{A67554E5-6253-4C94-8BCD-B8F87479970B}.DebugDLLWinRT|x64.ActiveCfg = DebugDLLWinRT|x64
		{A67554E5-6253-4C94-8BCD-B8F87479970B}.DebugDLLWinRT|x64.Build.0 = DebugDLLWinRT|x64
		{A67554E5-6253-4C94-8BCD-B8F87479970B}.DebugDLLWinRT|x86.ActiveCfg = DebugDLLWinRT|Win32
		{A67554E5-6253-4C94-8BCD-B8F87479970B}.DebugDLLWinRT|x86.Build.0 = DebugDLLWinRT|Win32
		{A67554E5-6253-4C94-8BCD-B8F87479970B}.DebugWinRT|x64.ActiveCfg = DebugWinRT|x64
		{A67554E5-6253-4C94-8BCD-B8F87479970B}.DebugWinRT|x64.Build.0 = DebugWinRT|x64
		{A67554E5-6253-4C94-8BCD-B8F87479970B}.DebugWinRT|x86.ActiveCfg = DebugWinRT|Win32
		{A67554E5-6253-4C94-8BCD-B8F87479970B}.DebugWinRT|x86.Build.0 = DebugWinRT|Win32
		{A67554E5-6253-4C94-8BCD-B8F87479970B}.Release|x64.ActiveCfg = ReleaseWinRT|x64
		{A67554E5-6253-4C94-8BCD-B8F87479970B}.Release|x86.ActiveCfg = ReleaseWinRT|Win32
		{A67554E5-6253-4C94-8BCD-B8F87479970B}.ReleaseDLL|x64.ActiveCfg = ReleaseDLLWinRT|x64
		{A67554E5-6253-4C94-8BCD-B8F87479970B}.ReleaseDLL|x86.ActiveCfg = ReleaseDLLWinRT|Win32
		{A67554E5-6253-4C94-8BCD-B8F87479970B}.ReleaseDLLStaticDeps|x64.ActiveCfg = ReleaseDLLWinRTStaticDeps|x64
		{A67554E5-6253-4C94-8BCD-B8F87479970B}.ReleaseDLLStaticDeps|x86.ActiveCfg = ReleaseDLLWinRTStaticDeps|Win32
		{A67554E5-6253-4C94-8BCD-B8F87479970B}.ReleaseDLLWinRT|x64.ActiveCfg = ReleaseDLLWinRT|x64
		{A67554E5-6253-4C94-8BCD-B8F87479970B}.ReleaseDLLWinRT|x64.Build.0 = ReleaseDLLWinRT|x64
		{A67554E5-6253-4C94-8BCD-B8F87479970B}.ReleaseDLLWinRT|x86.ActiveCfg = ReleaseDLLWinRT|Win32
		{A67554E5-6253-4C94-8BCD-B8F87479970B}.ReleaseDLLWinRT|x86.Build.0 = ReleaseDLLWinRT|Win32
		{A67554E5-6253-4C94-8BCD-B8F87479970B}.ReleaseDLLWinRTStaticDeps|x64.ActiveCfg = ReleaseDLLWinRTStaticDeps|x64
		{A67554E5-6253-4C94-8BCD-B8F87479970B}.ReleaseDLLWinRTStaticDeps|x64.Build.0 = ReleaseDLLWinRTStaticDeps|x64
		{A67554E5-6253-4C94-8BCD-B8F87479970B}.ReleaseDLLWinRTStaticDeps|x86.ActiveCfg = ReleaseDLLWinRTStaticDeps|Win32
		{A67554E5-6253-4C94-8BCD-B8F87479970B}.ReleaseDLLWinRTStaticDeps|x86.Build.0 = ReleaseDLLWinRTStaticDeps|Win32
		{A67554E5-6253-4C94-8BCD-B8F87479970B}.ReleaseWinRT|x64.ActiveCfg = ReleaseWinRT|x64
		{A67554E5-6253-4C94-8BCD-B8F87479970B}.ReleaseWinRT|x64.Build.0 = ReleaseWinRT|x64
		{A67554E5-6253-4C94-8BCD-B8F87479970B}.ReleaseWinRT|x86.ActiveCfg = ReleaseWinRT|Win32
		{A67554E5-6253-4C94-8BCD-B8F87479970B}.ReleaseWinRT|x86.Build.0 = ReleaseWinRT|Win32
		{DBF1E8F7-5B7D-4CBF-842A-B7E0C02520DC}.Debug|x64.ActiveCfg = Debug|x64
		{DBF1E8F7-5B7D-4CBF-842A-B7E0C02520DC}.Debug|x64.Build.0 = Debug|x64
		{DBF1E8F7-5B7D-4CBF-842A-B7E0C02520DC}.Debug|x86.ActiveCfg = Debug|Win32
		{DBF1E8F7-5B7D-4CBF-842A-B7E0C02520DC}.Debug|x86.Build.0 = Debug|Win32
		{DBF1E8F7-5B7D-4CBF-842A-B7E0C02520DC}.DebugDLL|x64.ActiveCfg = DebugDLL|x64
		{DBF1E8F7-5B7D-4CBF-842A-B7E0C02520DC}.DebugDLL|x64.Build.0 = DebugDLL|x64
		{DBF1E8F7-5B7D-4CBF-842A-B7E0C02520DC}.DebugDLL|x86.ActiveCfg = DebugDLL|Win32
		{DBF1E8F7-5B7D-4CBF-842A-B7E0C02520DC}.DebugDLL|x86.Build.0 = DebugDLL|Win32
		{DBF1E8F7-5B7D-4CBF-842A-B7E0C02520DC}.DebugDLLWinRT|x64.ActiveCfg = DebugDLL|x64
		{DBF1E8F7-5B7D-4CBF-842A-B7E0C02520DC}.DebugDLLWinRT|x86.ActiveCfg = DebugDLL|Win32
		{DBF1E8F7-5B7D-4CBF-842A-B7E0C02520DC}.DebugWinRT|x64.ActiveCfg = Debug|x64
		{DBF1E8F7-5B7D-4CBF-842A-B7E0C02520DC}.DebugWinRT|x86.ActiveCfg = Debug|Win32
		{DBF1E8F7-5B7D-4CBF-842A-B7E0C02520DC}.Release|x64.ActiveCfg = Release|x64
		{DBF1E8F7-5B7D-4CBF-842A-B7E0C02520DC}.Release|x64.Build.0 = Release|x64
		{DBF1E8F7-5B7D-4CBF-842A-B7E0C02520DC}.Release|x86.ActiveCfg = Release|Win32
		{DBF1E8F7-5B7D-4CBF-842A-B7E0C02520DC}.Release|x86.Build.0 = Release|Win32
		{DBF1E8F7-5B7D-4CBF-842A-B7E0C02520DC}.ReleaseDLL|x64.ActiveCfg = ReleaseDLL|x64
		{DBF1E8F7-5B7D-4CBF-842A-B7E0C02520DC}.ReleaseDLL|x64.Build.0 = ReleaseDLL|x64
		{DBF1E8F7-5B7D-4CBF-842A-B7E0C02520DC}.ReleaseDLL|x86.ActiveCfg = ReleaseDLL|Win32
		{DBF1E8F7-5B7D-4CBF-842A-B7E0C02520DC}.ReleaseDLL|x86.Build.0 = ReleaseDLL|Win32
		{DBF1E8F7-5B7D-4CBF-842A-B7E0C02520DC}.ReleaseDLLStaticDeps|x64.ActiveCfg = Release|x64
		{DBF1E8F7-5B7D-4CBF-842A-B7E0C02520DC}.ReleaseDLLStaticDeps|x64.Build.0 = Release|x64
		{DBF1E8F7-5B7D-4CBF-842A-B7E0C02520DC}.ReleaseDLLStaticDeps|x86.ActiveCfg = Release|Win32
		{DBF1E8F7-5B7D-4CBF-842A-B7E0C02520DC}.ReleaseDLLStaticDeps|x86.Build.0 = Release|Win32
		{DBF1E8F7-5B7D-4CBF-842A-B7E0C02520DC}.ReleaseDLLWinRT|x64.ActiveCfg = ReleaseDLL|x64
		{DBF1E8F7-5B7D-4CBF-842A-B7E0C02520DC}.ReleaseDLLWinRT|x86.ActiveCfg = ReleaseDLL|Win32
		{DBF1E8F7-5B7D-4CBF-842A-B7E0C02520DC}.ReleaseDLLWinRTStaticDeps|x64.ActiveCfg = Release|x64
		{DBF1E8F7-5B7D-4CBF-842A-B7E0C02520DC}.ReleaseDLLWinRTStaticDeps|x86.ActiveCfg = Release|Win32
		{DBF1E8F7-5B7D-4CBF-842A-B7E0C02520DC}.ReleaseWinRT|x64.ActiveCfg = Release|x64
		{DBF1E8F7-5B7D-4CBF-842A-B7E0C02520DC}.ReleaseWinRT|x86.ActiveCfg = Release|Win32
		{E62DC439-DE3B-4F2F-84DF-B34E51FA1969}.Debug|x64.ActiveCfg = Debug|x64
		{E62DC439-DE3B-4F2F-84DF-B34E51FA1969}.Debug|x64.Build.0 = Debug|x64
		{E62DC439-DE3B-4F2F-84DF-B34E51FA1969}.Debug|x86.ActiveCfg = Debug|Win32
		{E62DC439-DE3B-4F2F-84DF-B34E51FA1969}.Debug|x86.Build.0 = Debug|Win32
		{E62DC439-DE3B-4F2F-84DF-B34E51FA1969}.DebugDLL|x64.ActiveCfg = DebugDLL|x64
		{E62DC439-DE3B-4F2F-84DF-B34E51FA1969}.DebugDLL|x64.Build.0 = DebugDLL|x64
		{E62DC439-DE3B-4F2F-84DF-B34E51FA1969}.DebugDLL|x86.ActiveCfg = DebugDLL|Win32
		{E62DC439-DE3B-4F2F-84DF-B34E51FA1969}.DebugDLL|x86.Build.0 = DebugDLL|Win32
		{E62DC439-DE3B-4F2F-84DF-B34E51FA1969}.DebugDLLWinRT|x64.ActiveCfg = DebugDLL|x64
		{E62DC439-DE3B-4F2F-84DF-B34E51FA1969}.DebugDLLWinRT|x86.ActiveCfg = DebugDLL|Win32
		{E62DC439-DE3B-4F2F-84DF-B34E51FA1969}.DebugWinRT|x64.ActiveCfg = Debug|x64
		{E62DC439-DE3B-4F2F-84DF-B34E51FA1969}.DebugWinRT|x86.ActiveCfg = Debug|Win32
		{E62DC439-DE3B-4F2F-84DF-B34E51FA1969}.Release|x64.ActiveCfg = Release|x64
		{E62DC439-DE3B-4F2F-84DF-B34E51FA1969}.Release|x64.Build.0 = Release|x64
		{E62DC439-DE3B-4F2F-84DF-B34E51FA1969}.Release|x86.ActiveCfg = Release|Win32
		{E62DC439-DE3B-4F2F-84DF-B34E51FA1969}.Release|x86.Build.0 = Release|Win32
		{E62DC439-DE3B-4F2F-84DF-B34E51FA1969}.ReleaseDLL|x64.ActiveCfg = ReleaseDLL|x64
		{E62DC439-DE3B-4F2F-84DF-B34E51FA1969}.ReleaseDLL|x64.Build.0 = ReleaseDLL|x64
		{E62DC439-DE3B-4F2F-84DF-B34E51FA1969}.ReleaseDLL|x86.ActiveCfg = ReleaseDLL|Win32
		{E62DC439-DE3B-4F2F-84DF-B34E51FA1969}.ReleaseDLL|x86.Build.0 = ReleaseDLL|Win32
		{E62DC439-DE3B-4F2F-84DF-B34E51FA1969}.ReleaseDLLStaticDeps|x64.ActiveCfg = Release|x64
		{E62DC439-DE3B-4F2F-84DF-B34E51FA1969}.ReleaseDLLStaticDeps|x64.Build.0 = Release|x64
		{E62DC439-DE3B-4F2F-84DF-B34E51FA1969}.ReleaseDLLStaticDeps|x86.ActiveCfg = Release|Win32
		{E62DC439-DE3B-4F2F-84DF-B34E51FA1969}.ReleaseDLLStaticDeps|x86.Build.0 = Release|Win32
		{E62DC439-DE3B-4F2F-84DF-B34E51FA1969}.ReleaseDLLWinRT|x64.ActiveCfg = ReleaseDLL|x64
		{E62DC439-DE3B-4F2F-84DF-B34E51FA1969}.ReleaseDLLWinRT|x86.ActiveCfg = ReleaseDLL|Win32
		{E62DC439-DE3B-4F2F-84DF-B34E51FA1969}.ReleaseDLLWinRTStaticDeps|x64.ActiveCfg = Release|x64
		{E62DC439-DE3B-4F2F-84DF-B34E51FA1969}.ReleaseDLLWinRTStaticDeps|x86.ActiveCfg = Release|Win32
		{E62DC439-DE3B-4F2F-84DF-B34E51FA1969}.ReleaseWinRT|x64.ActiveCfg = Release|x64
		{E62DC439-DE3B-4F2F-84DF-B34E51FA1969}.ReleaseWinRT|x86.ActiveCfg = Release|Win32
		{CFE70273-7A79-4815-AF95-1E02E2675E37}.Debug|x64.ActiveCfg = Debug|x64
		{CFE70273-7A79-4815-AF95-1E02E2675E37}.Debug|x64.Build.0 = Debug|x64
		{CFE70273-7A79-4815-AF95-1E02E2675E37}.Debug|x86.ActiveCfg = Debug|Win32
		{CFE70273-7A79-4815-AF95-1E02E2675E37}.Debug|x86.Build.0 = Debug|Win32
		{CFE70273-7A79-4815-AF95-1E02E2675E37}.DebugDLL|x64.ActiveCfg = DebugDLL|x64
		{CFE70273-7A79-4815-AF95-1E02E2675E37}.DebugDLL|x64.Build.0 = DebugDLL|x64
		{CFE70273-7A79-4815-AF95-1E02E2675E37}.DebugDLL|x86.ActiveCfg = DebugDLL|Win32
		{CFE70273-7A79-4815-AF95-1E02E2675E37}.DebugDLL|x86.Build.0 = DebugDLL|Win32
		{CFE70273-7A79-4815-AF95-1E02E2675E37}.DebugDLLWinRT|x64.ActiveCfg = DebugDLL|x64
		{CFE70273-7A79-4815-AF95-1E02E2675E37}.DebugDLLWinRT|x86.ActiveCfg = DebugDLL|Win32
		{CFE70273-7A79-4815-AF95-1E02E2675E37}.DebugWinRT|x64.ActiveCfg = Debug|x64
		{CFE70273-7A79-4815-AF95-1E02E2675E37}.DebugWinRT|x86.ActiveCfg = Debug|Win32
		{CFE70273-7A79-4815-AF95-1E02E2675E37}.Release|x64.ActiveCfg = Release|x64
		{CFE70273-7A79-4815-AF95-1E02E2675E37}.Release|x64.Build.0 = Release|x64
		{CFE70273-7A79-4815-AF95-1E02E2675E37}.Release|x86.ActiveCfg = Release|Win32
		{CFE70273-7A79-4815-AF95-1E02E2675E37}.Release|x86.Build.0 = Release|Win32
		{CFE70273-7A79-4815-AF95-1E02E2675E37}.ReleaseDLL|x64.ActiveCfg = ReleaseDLL|x64
		{CFE70273-7A79-4815-AF95-1E02E2675E37}.ReleaseDLL|x64.Build.0 = ReleaseDLL|x64
		{CFE70273-7A79-4815-AF95-1E02E2675E37}.ReleaseDLL|x86.ActiveCfg = ReleaseDLL|Win32
		{CFE70273-7A79-4815-AF95-1E02E2675E37}.ReleaseDLL|x86.Build.0 = ReleaseDLL|Win32
		{CFE70273-7A79-4815-AF95-1E02E2675E37}.ReleaseDLLStaticDeps|x64.ActiveCfg = Release|x64
		{CFE70273-7A79-4815-AF95-1E02E2675E37}.ReleaseDLLStaticDeps|x64.Build.0 = Release|x64
		{CFE70273-7A79-4815-AF95-1E02E2675E37}.ReleaseDLLStaticDeps|x86.ActiveCfg = Release|Win32
		{CFE70273-7A79-4815-AF95-1E02E2675E37}.ReleaseDLLStaticDeps|x86.Build.0 = Release|Win32
		{CFE70273-7A79-4815-AF95-1E02E2675E37}.ReleaseDLLWinRT|x64.ActiveCfg = ReleaseDLL|x64
		{CFE70273-7A79-4815-AF95-1E02E2675E37}.ReleaseDLLWinRT|x86.ActiveCfg = ReleaseDLL|Win32
		{CFE70273-7A79-4815-AF95-1E02E2675E37}.ReleaseDLLWinRTStaticDeps|x64.ActiveCfg = Release|x64
		{CFE70273-7A79-4815-AF95-1E02E2675E37}.ReleaseDLLWinRTStaticDeps|x86.ActiveCfg = Release|Win32
		{CFE70273-7A79-4815-AF95-1E02E2675E37}.ReleaseWinRT|x64.ActiveCfg = Release|x64
		{CFE70273-7A79-4815-AF95-1E02E2675E37}.ReleaseWinRT|x86.ActiveCfg = Release|Win32
		{CB8BB76F-D3FF-434E-A85E-7FFC0893EC9B}.Debug|x64.ActiveCfg = Debug|x64
		{CB8BB76F-D3FF-434E-A85E-7FFC0893EC9B}.Debug|x64.Build.0 = Debug|x64
		{CB8BB76F-D3FF-434E-A85E-7FFC0893EC9B}.Debug|x86.ActiveCfg = Debug|Win32
		{CB8BB76F-D3FF-434E-A85E-7FFC0893EC9B}.Debug|x86.Build.0 = Debug|Win32
		{CB8BB76F-D3FF-434E-A85E-7FFC0893EC9B}.DebugDLL|x64.ActiveCfg = DebugDLL|x64
		{CB8BB76F-D3FF-434E-A85E-7FFC0893EC9B}.DebugDLL|x64.Build.0 = DebugDLL|x64
		{CB8BB76F-D3FF-434E-A85E-7FFC0893EC9B}.DebugDLL|x86.ActiveCfg = DebugDLL|Win32
		{CB8BB76F-D3FF-434E-A85E-7FFC0893EC9B}.DebugDLL|x86.Build.0 = DebugDLL|Win32
		{CB8BB76F-D3FF-434E-A85E-7FFC0893EC9B}.DebugDLLWinRT|x64.ActiveCfg = DebugDLL|x64
		{CB8BB76F-D3FF-434E-A85E-7FFC0893EC9B}.DebugDLLWinRT|x86.ActiveCfg = DebugDLL|Win32
		{CB8BB76F-D3FF-434E-A85E-7FFC0893EC9B}.DebugWinRT|x64.ActiveCfg = Debug|x64
		{CB8BB76F-D3FF-434E-A85E-7FFC0893EC9B}.DebugWinRT|x86.ActiveCfg = Debug|Win32
		{CB8BB76F-D3FF-434E-A85E-7FFC0893EC9B}.Release|x64.ActiveCfg = Release|x64
		{CB8BB76F-D3FF-434E-A85E-7FFC0893EC9B}.Release|x64.Build.0 = Release|x64
		{CB8BB76F-D3FF-434E-A85E-7FFC0893EC9B}.Release|x86.ActiveCfg = Release|Win32
		{CB8BB76F-D3FF-434E-A85E-7FFC0893EC9B}.Release|x86.Build.0 = Release|Win32
		{CB8BB76F-D3FF-434E-A85E-7FFC0893EC9B}.ReleaseDLL|x64.ActiveCfg = ReleaseDLL|x64
		{CB8BB76F-D3FF-434E-A85E-7FFC0893EC9B}.ReleaseDLL|x64.Build.0 = ReleaseDLL|x64
		{CB8BB76F-D3FF-434E-A85E-7FFC0893EC9B}.ReleaseDLL|x86.ActiveCfg = ReleaseDLL|Win32
		{CB8BB76F-D3FF-434E-A85E-7FFC0893EC9B}.ReleaseDLL|x86.Build.0 = ReleaseDLL|Win32
		{CB8BB76F-D3FF-434E-A85E-7FFC0893EC9B}.ReleaseDLLStaticDeps|x64.ActiveCfg = Release|x64
		{CB8BB76F-D3FF-434E-A85E-7FFC0893EC9B}.ReleaseDLLStaticDeps|x64.Build.0 = Release|x64
		{CB8BB76F-D3FF-434E-A85E-7FFC0893EC9B}.ReleaseDLLStaticDeps|x86.ActiveCfg = Release|Win32
		{CB8BB76F-D3FF-434E-A85E-7FFC0893EC9B}.ReleaseDLLStaticDeps|x86.Build.0 = Release|Win32
		{CB8BB76F-D3FF-434E-A85E-7FFC0893EC9B}.ReleaseDLLWinRT|x64.ActiveCfg = ReleaseDLL|x64
		{CB8BB76F-D3FF-434E-A85E-7FFC0893EC9B}.ReleaseDLLWinRT|x86.ActiveCfg = ReleaseDLL|Win32
		{CB8BB76F-D3FF-434E-A85E-7FFC0893EC9B}.ReleaseDLLWinRTStaticDeps|x64.ActiveCfg = Release|x64
		{CB8BB76F-D3FF-434E-A85E-7FFC0893EC9B}.ReleaseDLLWinRTStaticDeps|x86.ActiveCfg = Release|Win32
		{CB8BB76F-D3FF-434E-A85E-7FFC0893EC9B}.ReleaseWinRT|x64.ActiveCfg = Release|x64
		{CB8BB76F-D3FF-434E-A85E-7FFC0893EC9B}.ReleaseWinRT|x86.ActiveCfg = Release|Win32
		{85763F39-23DF-4C04-B7DF-7FBE3E7CF336}.Debug|x64.ActiveCfg = Debug|x64
		{85763F39-23DF-4C04-B7DF-7FBE3E7CF336}.Debug|x64.Build.0 = Debug|x64
		{85763F39-23DF-4C04-B7DF-7FBE3E7CF336}.Debug|x86.ActiveCfg = Debug|Win32
		{85763F39-23DF-4C04-B7DF-7FBE3E7CF336}.Debug|x86.Build.0 = Debug|Win32
		{85763F39-23DF-4C04-B7DF-7FBE3E7CF336}.DebugDLL|x64.ActiveCfg = DebugDLL|x64
		{85763F39-23DF-4C04-B7DF-7FBE3E7CF336}.DebugDLL|x64.Build.0 = DebugDLL|x64
		{85763F39-23DF-4C04-B7DF-7FBE3E7CF336}.DebugDLL|x86.ActiveCfg = DebugDLL|Win32
		{85763F39-23DF-4C04-B7DF-7FBE3E7CF336}.DebugDLL|x86.Build.0 = DebugDLL|Win32
		{85763F39-23DF-4C04-B7DF-7FBE3E7CF336}.DebugDLLWinRT|x64.ActiveCfg = DebugDLL|x64
		{85763F39-23DF-4C04-B7DF-7FBE3E7CF336}.DebugDLLWinRT|x86.ActiveCfg = DebugDLL|Win32
		{85763F39-23DF-4C04-B7DF-7FBE3E7CF336}.DebugWinRT|x64.ActiveCfg = Debug|x64
		{85763F39-23DF-4C04-B7DF-7FBE3E7CF336}.DebugWinRT|x86.ActiveCfg = Debug|Win32
		{85763F39-23DF-4C04-B7DF-7FBE3E7CF336}.Release|x64.ActiveCfg = Release|x64
		{85763F39-23DF-4C04-B7DF-7FBE3E7CF336}.Release|x64.Build.0 = Release|x64
		{85763F39-23DF-4C04-B7DF-7FBE3E7CF336}.Release|x86.ActiveCfg = Release|Win32
		{85763F39-23DF-4C04-B7DF-7FBE3E7CF336}.Release|x86.Build.0 = Release|Win32
		{85763F39-23DF-4C04-B7DF-7FBE3E7CF336}.ReleaseDLL|x64.ActiveCfg = ReleaseDLL|x64
		{85763F39-23DF-4C04-B7DF-7FBE3E7CF336}.ReleaseDLL|x64.Build.0 = ReleaseDLL|x64
		{85763F39-23DF-4C04-B7DF-7FBE3E7CF336}.ReleaseDLL|x86.ActiveCfg = ReleaseDLL|Win32
		{85763F39-23DF-4C04-B7DF-7FBE3E7CF336}.ReleaseDLL|x86.Build.0 = ReleaseDLL|Win32
		{85763F39-23DF-4C04-B7DF-7FBE3E7CF336}.ReleaseDLLStaticDeps|x64.ActiveCfg = Release|x64
		{85763F39-23DF-4C04-B7DF-7FBE3E7CF336}.ReleaseDLLStaticDeps|x64.Build.0 = Release|x64
		{85763F39-23DF-4C04-B7DF-7FBE3E7CF336}.ReleaseDLLStaticDeps|x86.ActiveCfg = Release|Win32
		{85763F39-23DF-4C04-B7DF-7FBE3E7CF336}.ReleaseDLLStaticDeps|x86.Build.0 = Release|Win32
		{85763F39-23DF-4C04-B7DF-7FBE3E7CF336}.ReleaseDLLWinRT|x64.ActiveCfg = ReleaseDLL|x64
		{85763F39-23DF-4C04-B7DF-7FBE3E7CF336}.ReleaseDLLWinRT|x86.ActiveCfg = ReleaseDLL|Win32
		{85763F39-23DF-4C04-B7DF-7FBE3E7CF336}.ReleaseDLLWinRTStaticDeps|x64.ActiveCfg = Release|x64
		{85763F39-23DF-4C04-B7DF-7FBE3E7CF336}.ReleaseDLLWinRTStaticDeps|x86.ActiveCfg = Release|Win32
		{85763F39-23DF-4C04-B7DF-7FBE3E7CF336}.ReleaseWinRT|x64.ActiveCfg = Release|x64
		{85763F39-23DF-4C04-B7DF-7FBE3E7CF336}.ReleaseWinRT|x86.ActiveCfg = Release|Win32
		{CA9A4A38-CC63-4BDB-8CFB-E058965DDA32}.Debug|x64.ActiveCfg = Debug|x64
		{CA9A4A38-CC63-4BDB-8CFB-E058965DDA32}.Debug|x64.Build.0 = Debug|x64
		{CA9A4A38-CC63-4BDB-8CFB-E058965DDA32}.Debug|x86.ActiveCfg = Debug|Win32
		{CA9A4A38-CC63-4BDB-8CFB-E058965DDA32}.Debug|x86.Build.0 = Debug|Win32
		{CA9A4A38-CC63-4BDB-8CFB-E058965DDA32}.DebugDLL|x64.ActiveCfg = DebugDLL|x64
		{CA9A4A38-CC63-4BDB-8CFB-E058965DDA32}.DebugDLL|x64.Build.0 = DebugDLL|x64
		{CA9A4A38-CC63-4BDB-8CFB-E058965DDA32}.DebugDLL|x86.ActiveCfg = DebugDLL|Win32
		{CA9A4A38-CC63-4BDB-8CFB-E058965DDA32}.DebugDLL|x86.Build.0 = DebugDLL|Win32
		{CA9A4A38-CC63-4BDB-8CFB-E058965DDA32}.DebugDLLWinRT|x64.ActiveCfg = DebugDLL|x64
		{CA9A4A38-CC63-4BDB-8CFB-E058965DDA32}.DebugDLLWinRT|x86.ActiveCfg = DebugDLL|Win32
		{CA9A4A38-CC63-4BDB-8CFB-E058965DDA32}.DebugWinRT|x64.ActiveCfg = Debug|x64
		{CA9A4A38-CC63-4BDB-8CFB-E058965DDA32}.DebugWinRT|x86.ActiveCfg = Debug|Win32
		{CA9A4A38-CC63-4BDB-8CFB-E058965DDA32}.Release|x64.ActiveCfg = Release|x64
		{CA9A4A38-CC63-4BDB-8CFB-E058965DDA32}.Release|x64.Build.0 = Release|x64
		{CA9A4A38-CC63-4BDB-8CFB-E058965DDA32}.Release|x86.ActiveCfg = Release|Win32
		{CA9A4A38-CC63-4BDB-8CFB-E058965DDA32}.Release|x86.Build.0 = Release|Win32
		{CA9A4A38-CC63-4BDB-8CFB-E058965DDA32}.ReleaseDLL|x64.ActiveCfg = ReleaseDLL|x64
		{CA9A4A38-CC63-4BDB-8CFB-E058965DDA32}.ReleaseDLL|x64.Build.0 = ReleaseDLL|x64
		{CA9A4A38-CC63-4BDB-8CFB-E058965DDA32}.ReleaseDLL|x86.ActiveCfg = ReleaseDLL|Win32
		{CA9A4A38-CC63-4BDB-8CFB-E058965DDA32}.ReleaseDLL|x86.Build.0 = ReleaseDLL|Win32
		{CA9A4A38-CC63-4BDB-8CFB-E058965DDA32}.ReleaseDLLStaticDeps|x64.ActiveCfg = Release|x64
		{CA9A4A38-CC63-4BDB-8CFB-E058965DDA32}.ReleaseDLLStaticDeps|x64.Build.0 = Release|x64
		{CA9A4A38-CC63-4BDB-8CFB-E058965DDA32}.ReleaseDLLStaticDeps|x86.ActiveCfg = Release|Win32
		{CA9A4A38-CC63-4BDB-8CFB-E058965DDA32}.ReleaseDLLStaticDeps|x86.Build.0 = Release|Win32
		{CA9A4A38-CC63-4BDB-8CFB-E058965DDA32}.ReleaseDLLWinRT|x64.ActiveCfg = ReleaseDLL|x64
		{CA9A4A38-CC63-4BDB-8CFB-E058965DDA32}.ReleaseDLLWinRT|x86.ActiveCfg = ReleaseDLL|Win32
		{CA9A4A38-CC63-4BDB-8CFB-E058965DDA32}.ReleaseDLLWinRTStaticDeps|x64.ActiveCfg = Release|x64
		{CA9A4A38-CC63-4BDB-8CFB-E058965DDA32}.ReleaseDLLWinRTStaticDeps|x86.ActiveCfg = Release|Win32
		{CA9A4A38-CC63-4BDB-8CFB-E058965DDA32}.ReleaseWinRT|x64.ActiveCfg = Release|x64
		{CA9A4A38-CC63-4BDB-8CFB-E058965DDA32}.ReleaseWinRT|x86.ActiveCfg = Release|Win32
		{ABF1E8F7-5B7D-4CBF-842A-B7E0C02520DC}.Debug|x64.ActiveCfg = DebugWinRT|x64
		{ABF1E8F7-5B7D-4CBF-842A-B7E0C02520DC}.Debug|x86.ActiveCfg = DebugWinRT|Win32
		{ABF1E8F7-5B7D-4CBF-842A-B7E0C02520DC}.DebugDLL|x64.ActiveCfg = DebugDLLWinRT|x64
		{ABF1E8F7-5B7D-4CBF-842A-B7E0C02520DC}.DebugDLL|x86.ActiveCfg = DebugDLLWinRT|Win32
		{ABF1E8F7-5B7D-4CBF-842A-B7E0C02520DC}.DebugDLLWinRT|x64.ActiveCfg = DebugDLLWinRT|x64
		{ABF1E8F7-5B7D-4CBF-842A-B7E0C02520DC}.DebugDLLWinRT|x64.Build.0 = DebugDLLWinRT|x64
		{ABF1E8F7-5B7D-4CBF-842A-B7E0C02520DC}.DebugDLLWinRT|x86.ActiveCfg = DebugDLLWinRT|Win32
		{ABF1E8F7-5B7D-4CBF-842A-B7E0C02520DC}.DebugDLLWinRT|x86.Build.0 = DebugDLLWinRT|Win32
		{ABF1E8F7-5B7D-4CBF-842A-B7E0C02520DC}.DebugWinRT|x64.ActiveCfg = DebugWinRT|x64
		{ABF1E8F7-5B7D-4CBF-842A-B7E0C02520DC}.DebugWinRT|x64.Build.0 = DebugWinRT|x64
		{ABF1E8F7-5B7D-4CBF-842A-B7E0C02520DC}.DebugWinRT|x86.ActiveCfg = DebugWinRT|Win32
		{ABF1E8F7-5B7D-4CBF-842A-B7E0C02520DC}.DebugWinRT|x86.Build.0 = DebugWinRT|Win32
		{ABF1E8F7-5B7D-4CBF-842A-B7E0C02520DC}.Release|x64.ActiveCfg = ReleaseWinRT|x64
		{ABF1E8F7-5B7D-4CBF-842A-B7E0C02520DC}.Release|x86.ActiveCfg = ReleaseWinRT|Win32
		{ABF1E8F7-5B7D-4CBF-842A-B7E0C02520DC}.Release|x86.Build.0 = ReleaseWinRT|Win32
		{ABF1E8F7-5B7D-4CBF-842A-B7E0C02520DC}.ReleaseDLL|x64.ActiveCfg = ReleaseDLLWinRT|x64
		{ABF1E8F7-5B7D-4CBF-842A-B7E0C02520DC}.ReleaseDLL|x86.ActiveCfg = ReleaseDLLWinRT|Win32
		{ABF1E8F7-5B7D-4CBF-842A-B7E0C02520DC}.ReleaseDLLStaticDeps|x64.ActiveCfg = ReleaseWinRT|x64
		{ABF1E8F7-5B7D-4CBF-842A-B7E0C02520DC}.ReleaseDLLStaticDeps|x86.ActiveCfg = ReleaseWinRT|Win32
		{ABF1E8F7-5B7D-4CBF-842A-B7E0C02520DC}.ReleaseDLLWinRT|x64.ActiveCfg = ReleaseDLLWinRT|x64
		{ABF1E8F7-5B7D-4CBF-842A-B7E0C02520DC}.ReleaseDLLWinRT|x64.Build.0 = ReleaseDLLWinRT|x64
		{ABF1E8F7-5B7D-4CBF-842A-B7E0C02520DC}.ReleaseDLLWinRT|x86.ActiveCfg = ReleaseDLLWinRT|Win32
		{ABF1E8F7-5B7D-4CBF-842A-B7E0C02520DC}.ReleaseDLLWinRT|x86.Build.0 = ReleaseDLLWinRT|Win32
		{ABF1E8F7-5B7D-4CBF-842A-B7E0C02520DC}.ReleaseDLLWinRTStaticDeps|x64.ActiveCfg = ReleaseWinRT|x64
		{ABF1E8F7-5B7D-4CBF-842A-B7E0C02520DC}.ReleaseDLLWinRTStaticDeps|x64.Build.0 = ReleaseWinRT|x64
		{ABF1E8F7-5B7D-4CBF-842A-B7E0C02520DC}.ReleaseDLLWinRTStaticDeps|x86.ActiveCfg = ReleaseWinRT|Win32
		{ABF1E8F7-5B7D-4CBF-842A-B7E0C02520DC}.ReleaseDLLWinRTStaticDeps|x86.Build.0 = ReleaseWinRT|Win32
		{ABF1E8F7-5B7D-4CBF-842A-B7E0C02520DC}.ReleaseWinRT|x64.ActiveCfg = ReleaseWinRT|x64
		{ABF1E8F7-5B7D-4CBF-842A-B7E0C02520DC}.ReleaseWinRT|x64.Build.0 = ReleaseWinRT|x64
		{ABF1E8F7-5B7D-4CBF-842A-B7E0C02520DC}.ReleaseWinRT|x86.ActiveCfg = ReleaseWinRT|Win32
		{ABF1E8F7-5B7D-4CBF-842A-B7E0C02520DC}.ReleaseWinRT|x86.Build.0 = ReleaseWinRT|Win32
		{A62DC439-DE3B-4F2F-84DF-B34E51FA1969}.Debug|x64.ActiveCfg = DebugWinRT|x64
		{A62DC439-DE3B-4F2F-84DF-B34E51FA1969}.Debug|x86.ActiveCfg = DebugWinRT|Win32
		{A62DC439-DE3B-4F2F-84DF-B34E51FA1969}.DebugDLL|x64.ActiveCfg = DebugDLLWinRT|x64
		{A62DC439-DE3B-4F2F-84DF-B34E51FA1969}.DebugDLL|x86.ActiveCfg = DebugDLLWinRT|Win32
		{A62DC439-DE3B-4F2F-84DF-B34E51FA1969}.DebugDLLWinRT|x64.ActiveCfg = DebugDLLWinRT|x64
		{A62DC439-DE3B-4F2F-84DF-B34E51FA1969}.DebugDLLWinRT|x64.Build.0 = DebugDLLWinRT|x64
		{A62DC439-DE3B-4F2F-84DF-B34E51FA1969}.DebugDLLWinRT|x86.ActiveCfg = DebugDLLWinRT|Win32
		{A62DC439-DE3B-4F2F-84DF-B34E51FA1969}.DebugDLLWinRT|x86.Build.0 = DebugDLLWinRT|Win32
		{A62DC439-DE3B-4F2F-84DF-B34E51FA1969}.DebugWinRT|x64.ActiveCfg = DebugWinRT|x64
		{A62DC439-DE3B-4F2F-84DF-B34E51FA1969}.DebugWinRT|x64.Build.0 = DebugWinRT|x64
		{A62DC439-DE3B-4F2F-84DF-B34E51FA1969}.DebugWinRT|x86.ActiveCfg = DebugWinRT|Win32
		{A62DC439-DE3B-4F2F-84DF-B34E51FA1969}.DebugWinRT|x86.Build.0 = DebugWinRT|Win32
		{A62DC439-DE3B-4F2F-84DF-B34E51FA1969}.Release|x64.ActiveCfg = ReleaseWinRT|x64
		{A62DC439-DE3B-4F2F-84DF-B34E51FA1969}.Release|x86.ActiveCfg = ReleaseWinRT|Win32
		{A62DC439-DE3B-4F2F-84DF-B34E51FA1969}.ReleaseDLL|x64.ActiveCfg = ReleaseDLLWinRT|x64
		{A62DC439-DE3B-4F2F-84DF-B34E51FA1969}.ReleaseDLL|x86.ActiveCfg = ReleaseDLLWinRT|Win32
		{A62DC439-DE3B-4F2F-84DF-B34E51FA1969}.ReleaseDLLStaticDeps|x64.ActiveCfg = ReleaseWinRT|x64
		{A62DC439-DE3B-4F2F-84DF-B34E51FA1969}.ReleaseDLLStaticDeps|x86.ActiveCfg = ReleaseWinRT|Win32
		{A62DC439-DE3B-4F2F-84DF-B34E51FA1969}.ReleaseDLLWinRT|x64.ActiveCfg = ReleaseDLLWinRT|x64
		{A62DC439-DE3B-4F2F-84DF-B34E51FA1969}.ReleaseDLLWinRT|x64.Build.0 = ReleaseDLLWinRT|x64
		{A62DC439-DE3B-4F2F-84DF-B34E51FA1969}.ReleaseDLLWinRT|x86.ActiveCfg = ReleaseDLLWinRT|Win32
		{A62DC439-DE3B-4F2F-84DF-B34E51FA1969}.ReleaseDLLWinRT|x86.Build.0 = ReleaseDLLWinRT|Win32
		{A62DC439-DE3B-4F2F-84DF-B34E51FA1969}.ReleaseDLLWinRTStaticDeps|x64.ActiveCfg = ReleaseWinRT|x64
		{A62DC439-DE3B-4F2F-84DF-B34E51FA1969}.ReleaseDLLWinRTStaticDeps|x64.Build.0 = ReleaseWinRT|x64
		{A62DC439-DE3B-4F2F-84DF-B34E51FA1969}.ReleaseDLLWinRTStaticDeps|x86.ActiveCfg = ReleaseWinRT|Win32
		{A62DC439-DE3B-4F2F-84DF-B34E51FA1969}.ReleaseDLLWinRTStaticDeps|x86.Build.0 = ReleaseWinRT|Win32
		{A62DC439-DE3B-4F2F-84DF-B34E51FA1969}.ReleaseWinRT|x64.ActiveCfg = ReleaseWinRT|x64
		{A62DC439-DE3B-4F2F-84DF-B34E51FA1969}.ReleaseWinRT|x64.Build.0 = ReleaseWinRT|x64
		{A62DC439-DE3B-4F2F-84DF-B34E51FA1969}.ReleaseWinRT|x86.ActiveCfg = ReleaseWinRT|Win32
		{A62DC439-DE3B-4F2F-84DF-B34E51FA1969}.ReleaseWinRT|x86.Build.0 = ReleaseWinRT|Win32
		{AFE70273-7A79-4815-AF95-1E02E2675E37}.Debug|x64.ActiveCfg = DebugWinRT|x64
		{AFE70273-7A79-4815-AF95-1E02E2675E37}.Debug|x86.ActiveCfg = DebugWinRT|Win32
		{AFE70273-7A79-4815-AF95-1E02E2675E37}.DebugDLL|x64.ActiveCfg = DebugDLLWinRT|x64
		{AFE70273-7A79-4815-AF95-1E02E2675E37}.DebugDLL|x86.ActiveCfg = DebugDLLWinRT|Win32
		{AFE70273-7A79-4815-AF95-1E02E2675E37}.DebugDLLWinRT|x64.ActiveCfg = DebugDLLWinRT|x64
		{AFE70273-7A79-4815-AF95-1E02E2675E37}.DebugDLLWinRT|x64.Build.0 = DebugDLLWinRT|x64
		{AFE70273-7A79-4815-AF95-1E02E2675E37}.DebugDLLWinRT|x86.ActiveCfg = DebugDLLWinRT|Win32
		{AFE70273-7A79-4815-AF95-1E02E2675E37}.DebugDLLWinRT|x86.Build.0 = DebugDLLWinRT|Win32
		{AFE70273-7A79-4815-AF95-1E02E2675E37}.DebugWinRT|x64.ActiveCfg = DebugWinRT|x64
		{AFE70273-7A79-4815-AF95-1E02E2675E37}.DebugWinRT|x64.Build.0 = DebugWinRT|x64
		{AFE70273-7A79-4815-AF95-1E02E2675E37}.DebugWinRT|x86.ActiveCfg = DebugWinRT|Win32
		{AFE70273-7A79-4815-AF95-1E02E2675E37}.DebugWinRT|x86.Build.0 = DebugWinRT|Win32
		{AFE70273-7A79-4815-AF95-1E02E2675E37}.Release|x64.ActiveCfg = ReleaseWinRT|x64
		{AFE70273-7A79-4815-AF95-1E02E2675E37}.Release|x86.ActiveCfg = ReleaseWinRT|Win32
		{AFE70273-7A79-4815-AF95-1E02E2675E37}.ReleaseDLL|x64.ActiveCfg = ReleaseDLLWinRT|x64
		{AFE70273-7A79-4815-AF95-1E02E2675E37}.ReleaseDLL|x86.ActiveCfg = ReleaseDLLWinRT|Win32
		{AFE70273-7A79-4815-AF95-1E02E2675E37}.ReleaseDLLStaticDeps|x64.ActiveCfg = ReleaseWinRT|x64
		{AFE70273-7A79-4815-AF95-1E02E2675E37}.ReleaseDLLStaticDeps|x86.ActiveCfg = ReleaseWinRT|Win32
		{AFE70273-7A79-4815-AF95-1E02E2675E37}.ReleaseDLLWinRT|x64.ActiveCfg = ReleaseDLLWinRT|x64
		{AFE70273-7A79-4815-AF95-1E02E2675E37}.ReleaseDLLWinRT|x64.Build.0 = ReleaseDLLWinRT|x64
		{AFE70273-7A79-4815-AF95-1E02E2675E37}.ReleaseDLLWinRT|x86.ActiveCfg = ReleaseDLLWinRT|Win32
		{AFE70273-7A79-4815-AF95-1E02E2675E37}.ReleaseDLLWinRT|x86.Build.0 = ReleaseDLLWinRT|Win32
		{AFE70273-7A79-4815-AF95-1E02E2675E37}.ReleaseDLLWinRTStaticDeps|x64.ActiveCfg = ReleaseWinRT|x64
		{AFE70273-7A79-4815-AF95-1E02E2675E37}.ReleaseDLLWinRTStaticDeps|x64.Build.0 = ReleaseWinRT|x64
		{AFE70273-7A79-4815-AF95-1E02E2675E37}.ReleaseDLLWinRTStaticDeps|x86.ActiveCfg = ReleaseWinRT|Win32
		{AFE70273-7A79-4815-AF95-1E02E2675E37}.ReleaseDLLWinRTStaticDeps|x86.Build.0 = ReleaseWinRT|Win32
		{AFE70273-7A79-4815-AF95-1E02E2675E37}.ReleaseWinRT|x64.ActiveCfg = ReleaseWinRT|x64
		{AFE70273-7A79-4815-AF95-1E02E2675E37}.ReleaseWinRT|x64.Build.0 = ReleaseWinRT|x64
		{AFE70273-7A79-4815-AF95-1E02E2675E37}.ReleaseWinRT|x86.ActiveCfg = ReleaseWinRT|Win32
		{AFE70273-7A79-4815-AF95-1E02E2675E37}.ReleaseWinRT|x86.Build.0 = ReleaseWinRT|Win32
		{AB8BB76F-D3FF-434E-A85E-7FFC0893EC9B}.Debug|x64.ActiveCfg = DebugWinRT|x64
		{AB8BB76F-D3FF-434E-A85E-7FFC0893EC9B}.Debug|x86.ActiveCfg = DebugWinRT|Win32
		{AB8BB76F-D3FF-434E-A85E-7FFC0893EC9B}.DebugDLL|x64.ActiveCfg = DebugDLLWinRT|x64
		{AB8BB76F-D3FF-434E-A85E-7FFC0893EC9B}.DebugDLL|x86.ActiveCfg = DebugDLLWinRT|Win32
		{AB8BB76F-D3FF-434E-A85E-7FFC0893EC9B}.DebugDLLWinRT|x64.ActiveCfg = DebugDLLWinRT|x64
		{AB8BB76F-D3FF-434E-A85E-7FFC0893EC9B}.DebugDLLWinRT|x64.Build.0 = DebugDLLWinRT|x64
		{AB8BB76F-D3FF-434E-A85E-7FFC0893EC9B}.DebugDLLWinRT|x86.ActiveCfg = DebugDLLWinRT|Win32
		{AB8BB76F-D3FF-434E-A85E-7FFC0893EC9B}.DebugDLLWinRT|x86.Build.0 = DebugDLLWinRT|Win32
		{AB8BB76F-D3FF-434E-A85E-7FFC0893EC9B}.DebugWinRT|x64.ActiveCfg = DebugWinRT|x64
		{AB8BB76F-D3FF-434E-A85E-7FFC0893EC9B}.DebugWinRT|x64.Build.0 = DebugWinRT|x64
		{AB8BB76F-D3FF-434E-A85E-7FFC0893EC9B}.DebugWinRT|x86.ActiveCfg = DebugWinRT|Win32
		{AB8BB76F-D3FF-434E-A85E-7FFC0893EC9B}.DebugWinRT|x86.Build.0 = DebugWinRT|Win32
		{AB8BB76F-D3FF-434E-A85E-7FFC0893EC9B}.Release|x64.ActiveCfg = ReleaseWinRT|x64
		{AB8BB76F-D3FF-434E-A85E-7FFC0893EC9B}.Release|x86.ActiveCfg = ReleaseWinRT|Win32
		{AB8BB76F-D3FF-434E-A85E-7FFC0893EC9B}.ReleaseDLL|x64.ActiveCfg = ReleaseDLLWinRT|x64
		{AB8BB76F-D3FF-434E-A85E-7FFC0893EC9B}.ReleaseDLL|x86.ActiveCfg = ReleaseDLLWinRT|Win32
		{AB8BB76F-D3FF-434E-A85E-7FFC0893EC9B}.ReleaseDLLStaticDeps|x64.ActiveCfg = ReleaseWinRT|x64
		{AB8BB76F-D3FF-434E-A85E-7FFC0893EC9B}.ReleaseDLLStaticDeps|x86.ActiveCfg = ReleaseWinRT|Win32
		{AB8BB76F-D3FF-434E-A85E-7FFC0893EC9B}.ReleaseDLLWinRT|x64.ActiveCfg = ReleaseDLLWinRT|x64
		{AB8BB76F-D3FF-434E-A85E-7FFC0893EC9B}.ReleaseDLLWinRT|x64.Build.0 = ReleaseDLLWinRT|x64
		{AB8BB76F-D3FF-434E-A85E-7FFC0893EC9B}.ReleaseDLLWinRT|x86.ActiveCfg = ReleaseDLLWinRT|Win32
		{AB8BB76F-D3FF-434E-A85E-7FFC0893EC9B}.ReleaseDLLWinRT|x86.Build.0 = ReleaseDLLWinRT|Win32
		{AB8BB76F-D3FF-434E-A85E-7FFC0893EC9B}.ReleaseDLLWinRTStaticDeps|x64.ActiveCfg = ReleaseWinRT|x64
		{AB8BB76F-D3FF-434E-A85E-7FFC0893EC9B}.ReleaseDLLWinRTStaticDeps|x64.Build.0 = ReleaseWinRT|x64
		{AB8BB76F-D3FF-434E-A85E-7FFC0893EC9B}.ReleaseDLLWinRTStaticDeps|x86.ActiveCfg = ReleaseWinRT|Win32
		{AB8BB76F-D3FF-434E-A85E-7FFC0893EC9B}.ReleaseDLLWinRTStaticDeps|x86.Build.0 = ReleaseWinRT|Win32
		{AB8BB76F-D3FF-434E-A85E-7FFC0893EC9B}.ReleaseWinRT|x64.ActiveCfg = ReleaseWinRT|x64
		{AB8BB76F-D3FF-434E-A85E-7FFC0893EC9B}.ReleaseWinRT|x64.Build.0 = ReleaseWinRT|x64
		{AB8BB76F-D3FF-434E-A85E-7FFC0893EC9B}.ReleaseWinRT|x86.ActiveCfg = ReleaseWinRT|Win32
		{AB8BB76F-D3FF-434E-A85E-7FFC0893EC9B}.ReleaseWinRT|x86.Build.0 = ReleaseWinRT|Win32
		{A5763F39-23DF-4C04-B7DF-7FBE3E7CF336}.Debug|x64.ActiveCfg = DebugWinRT|x64
		{A5763F39-23DF-4C04-B7DF-7FBE3E7CF336}.Debug|x86.ActiveCfg = DebugWinRT|Win32
		{A5763F39-23DF-4C04-B7DF-7FBE3E7CF336}.DebugDLL|x64.ActiveCfg = DebugDLLWinRT|x64
		{A5763F39-23DF-4C04-B7DF-7FBE3E7CF336}.DebugDLL|x86.ActiveCfg = DebugDLLWinRT|Win32
		{A5763F39-23DF-4C04-B7DF-7FBE3E7CF336}.DebugDLLWinRT|x64.ActiveCfg = DebugDLLWinRT|x64
		{A5763F39-23DF-4C04-B7DF-7FBE3E7CF336}.DebugDLLWinRT|x64.Build.0 = DebugDLLWinRT|x64
		{A5763F39-23DF-4C04-B7DF-7FBE3E7CF336}.DebugDLLWinRT|x86.ActiveCfg = DebugDLLWinRT|Win32
		{A5763F39-23DF-4C04-B7DF-7FBE3E7CF336}.DebugDLLWinRT|x86.Build.0 = DebugDLLWinRT|Win32
		{A5763F39-23DF-4C04-B7DF-7FBE3E7CF336}.DebugWinRT|x64.ActiveCfg = DebugWinRT|x64
		{A5763F39-23DF-4C04-B7DF-7FBE3E7CF336}.DebugWinRT|x64.Build.0 = DebugWinRT|x64
		{A5763F39-23DF-4C04-B7DF-7FBE3E7CF336}.DebugWinRT|x86.ActiveCfg = DebugWinRT|Win32
		{A5763F39-23DF-4C04-B7DF-7FBE3E7CF336}.DebugWinRT|x86.Build.0 = DebugWinRT|Win32
		{A5763F39-23DF-4C04-B7DF-7FBE3E7CF336}.Release|x64.ActiveCfg = ReleaseWinRT|x64
		{A5763F39-23DF-4C04-B7DF-7FBE3E7CF336}.Release|x86.ActiveCfg = ReleaseWinRT|Win32
		{A5763F39-23DF-4C04-B7DF-7FBE3E7CF336}.ReleaseDLL|x64.ActiveCfg = ReleaseDLLWinRT|x64
		{A5763F39-23DF-4C04-B7DF-7FBE3E7CF336}.ReleaseDLL|x86.ActiveCfg = ReleaseDLLWinRT|Win32
		{A5763F39-23DF-4C04-B7DF-7FBE3E7CF336}.ReleaseDLLStaticDeps|x64.ActiveCfg = ReleaseWinRT|x64
		{A5763F39-23DF-4C04-B7DF-7FBE3E7CF336}.ReleaseDLLStaticDeps|x86.ActiveCfg = ReleaseWinRT|Win32
		{A5763F39-23DF-4C04-B7DF-7FBE3E7CF336}.ReleaseDLLStaticDeps|x86.Build.0 = ReleaseWinRT|Win32
		{A5763F39-23DF-4C04-B7DF-7FBE3E7CF336}.ReleaseDLLWinRT|x64.ActiveCfg = ReleaseDLLWinRT|x64
		{A5763F39-23DF-4C04-B7DF-7FBE3E7CF336}.ReleaseDLLWinRT|x64.Build.0 = ReleaseDLLWinRT|x64
		{A5763F39-23DF-4C04-B7DF-7FBE3E7CF336}.ReleaseDLLWinRT|x86.ActiveCfg = ReleaseDLLWinRT|Win32
		{A5763F39-23DF-4C04-B7DF-7FBE3E7CF336}.ReleaseDLLWinRT|x86.Build.0 = ReleaseDLLWinRT|Win32
		{A5763F39-23DF-4C04-B7DF-7FBE3E7CF336}.ReleaseDLLWinRTStaticDeps|x64.ActiveCfg = ReleaseWinRT|x64
		{A5763F39-23DF-4C04-B7DF-7FBE3E7CF336}.ReleaseDLLWinRTStaticDeps|x64.Build.0 = ReleaseWinRT|x64
		{A5763F39-23DF-4C04-B7DF-7FBE3E7CF336}.ReleaseDLLWinRTStaticDeps|x86.ActiveCfg = ReleaseWinRT|Win32
		{A5763F39-23DF-4C04-B7DF-7FBE3E7CF336}.ReleaseDLLWinRTStaticDeps|x86.Build.0 = ReleaseWinRT|Win32
		{A5763F39-23DF-4C04-B7DF-7FBE3E7CF336}.ReleaseWinRT|x64.ActiveCfg = ReleaseWinRT|x64
		{A5763F39-23DF-4C04-B7DF-7FBE3E7CF336}.ReleaseWinRT|x64.Build.0 = ReleaseWinRT|x64
		{A5763F39-23DF-4C04-B7DF-7FBE3E7CF336}.ReleaseWinRT|x86.ActiveCfg = ReleaseWinRT|Win32
		{A5763F39-23DF-4C04-B7DF-7FBE3E7CF336}.ReleaseWinRT|x86.Build.0 = ReleaseWinRT|Win32
		{AA9A4A38-CC63-4BDB-8CFB-E058965DDA32}.Debug|x64.ActiveCfg = DebugWinRT|x64
		{AA9A4A38-CC63-4BDB-8CFB-E058965DDA32}.Debug|x86.ActiveCfg = DebugWinRT|Win32
		{AA9A4A38-CC63-4BDB-8CFB-E058965DDA32}.DebugDLL|x64.ActiveCfg = DebugDLLWinRT|x64
		{AA9A4A38-CC63-4BDB-8CFB-E058965DDA32}.DebugDLL|x86.ActiveCfg = DebugDLLWinRT|Win32
		{AA9A4A38-CC63-4BDB-8CFB-E058965DDA32}.DebugDLLWinRT|x64.ActiveCfg = DebugDLLWinRT|x64
		{AA9A4A38-CC63-4BDB-8CFB-E058965DDA32}.DebugDLLWinRT|x64.Build.0 = DebugDLLWinRT|x64
		{AA9A4A38-CC63-4BDB-8CFB-E058965DDA32}.DebugDLLWinRT|x86.ActiveCfg = DebugDLLWinRT|Win32
		{AA9A4A38-CC63-4BDB-8CFB-E058965DDA32}.DebugDLLWinRT|x86.Build.0 = DebugDLLWinRT|Win32
		{AA9A4A38-CC63-4BDB-8CFB-E058965DDA32}.DebugWinRT|x64.ActiveCfg = DebugWinRT|x64
		{AA9A4A38-CC63-4BDB-8CFB-E058965DDA32}.DebugWinRT|x64.Build.0 = DebugWinRT|x64
		{AA9A4A38-CC63-4BDB-8CFB-E058965DDA32}.DebugWinRT|x86.ActiveCfg = DebugWinRT|Win32
		{AA9A4A38-CC63-4BDB-8CFB-E058965DDA32}.DebugWinRT|x86.Build.0 = DebugWinRT|Win32
		{AA9A4A38-CC63-4BDB-8CFB-E058965DDA32}.Release|x64.ActiveCfg = ReleaseWinRT|x64
		{AA9A4A38-CC63-4BDB-8CFB-E058965DDA32}.Release|x86.ActiveCfg = ReleaseWinRT|Win32
		{AA9A4A38-CC63-4BDB-8CFB-E058965DDA32}.ReleaseDLL|x64.ActiveCfg = ReleaseDLLWinRT|x64
		{AA9A4A38-CC63-4BDB-8CFB-E058965DDA32}.ReleaseDLL|x86.ActiveCfg = ReleaseDLLWinRT|Win32
		{AA9A4A38-CC63-4BDB-8CFB-E058965DDA32}.ReleaseDLLStaticDeps|x64.ActiveCfg = ReleaseWinRT|x64
		{AA9A4A38-CC63-4BDB-8CFB-E058965DDA32}.ReleaseDLLStaticDeps|x86.ActiveCfg = ReleaseWinRT|Win32
		{AA9A4A38-CC63-4BDB-8CFB-E058965DDA32}.ReleaseDLLWinRT|x64.ActiveCfg = ReleaseDLLWinRT|x64
		{AA9A4A38-CC63-4BDB-8CFB-E058965DDA32}.ReleaseDLLWinRT|x64.Build.0 = ReleaseDLLWinRT|x64
		{AA9A4A38-CC63-4BDB-8CFB-E058965DDA32}.ReleaseDLLWinRT|x86.ActiveCfg = ReleaseDLLWinRT|Win32
		{AA9A4A38-CC63-4BDB-8CFB-E058965DDA32}.ReleaseDLLWinRT|x86.Build.0 = ReleaseDLLWinRT|Win32
		{AA9A4A38-CC63-4BDB-8CFB-E058965DDA32}.ReleaseDLLWinRTStaticDeps|x64.ActiveCfg = ReleaseWinRT|x64
		{AA9A4A38-CC63-4BDB-8CFB-E058965DDA32}.ReleaseDLLWinRTStaticDeps|x64.Build.0 = ReleaseWinRT|x64
		{AA9A4A38-CC63-4BDB-8CFB-E058965DDA32}.ReleaseDLLWinRTStaticDeps|x86.ActiveCfg = ReleaseWinRT|Win32
		{AA9A4A38-CC63-4BDB-8CFB-E058965DDA32}.ReleaseDLLWinRTStaticDeps|x86.Build.0 = ReleaseWinRT|Win32
		{AA9A4A38-CC63-4BDB-8CFB-E058965DDA32}.ReleaseWinRT|x64.ActiveCfg = ReleaseWinRT|x64
		{AA9A4A38-CC63-4BDB-8CFB-E058965DDA32}.ReleaseWinRT|x64.Build.0 = ReleaseWinRT|x64
		{AA9A4A38-CC63-4BDB-8CFB-E058965DDA32}.ReleaseWinRT|x86.ActiveCfg = ReleaseWinRT|Win32
		{AA9A4A38-CC63-4BDB-8CFB-E058965DDA32}.ReleaseWinRT|x86.Build.0 = ReleaseWinRT|Win32
	EndGlobalSection
	GlobalSection(SolutionProperties) = preSolution
		HideSolutionNode = FALSE
	EndGlobalSection
	GlobalSection(NestedProjects) = preSolution
		{DBF1E8F7-5B7D-4CBF-842A-B7E0C02520DC} = {EEF49A46-2953-4440-A380-922C3C996564}
		{E62DC439-DE3B-4F2F-84DF-B34E51FA1969} = {EEF49A46-2953-4440-A380-922C3C996564}
		{CFE70273-7A79-4815-AF95-1E02E2675E37} = {EEF49A46-2953-4440-A380-922C3C996564}
		{CB8BB76F-D3FF-434E-A85E-7FFC0893EC9B} = {EEF49A46-2953-4440-A380-922C3C996564}
		{85763F39-23DF-4C04-B7DF-7FBE3E7CF336} = {EEF49A46-2953-4440-A380-922C3C996564}
		{CA9A4A38-CC63-4BDB-8CFB-E058965DDA32} = {EEF49A46-2953-4440-A380-922C3C996564}
		{ABF1E8F7-5B7D-4CBF-842A-B7E0C02520DC} = {EEF49A46-2953-4440-A380-922C3C996564}
		{A62DC439-DE3B-4F2F-84DF-B34E51FA1969} = {EEF49A46-2953-4440-A380-922C3C996564}
		{AFE70273-7A79-4815-AF95-1E02E2675E37} = {EEF49A46-2953-4440-A380-922C3C996564}
		{AB8BB76F-D3FF-434E-A85E-7FFC0893EC9B} = {EEF49A46-2953-4440-A380-922C3C996564}
		{A5763F39-23DF-4C04-B7DF-7FBE3E7CF336} = {EEF49A46-2953-4440-A380-922C3C996564}
		{AA9A4A38-CC63-4BDB-8CFB-E058965DDA32} = {EEF49A46-2953-4440-A380-922C3C996564}
	EndGlobalSection
	GlobalSection(ExtensibilityGlobals) = postSolution
		SolutionGuid = {2B30AA4F-05E4-46D5-9ED8-683E4D273805}
	EndGlobalSection
EndGlobal
