<?xml version="1.0" encoding="utf-8"?>
<Project ToolsVersion="4.0" xmlns="http://schemas.microsoft.com/developer/msbuild/2003">
  <ItemGroup>
    <Filter Include="Header Files">
      <UniqueIdentifier>{e850f24d-093f-4c30-a99c-413a7dfa71b8}</UniqueIdentifier>
    </Filter>
    <Filter Include="Resource Files">
      <UniqueIdentifier>{f18cd969-acc3-480c-9147-ea3ae1c8ba92}</UniqueIdentifier>
    </Filter>
    <Filter Include="Source Files">
      <UniqueIdentifier>{bdd0568e-d423-4fcc-affe-6ba0c2a40f78}</UniqueIdentifier>
    </Filter>
    <Filter Include="Source Files\libbluray">
      <UniqueIdentifier>{bd0ea6de-81d4-4842-9cc2-a9fac0419311}</UniqueIdentifier>
    </Filter>
    <Filter Include="Source Files\file">
      <UniqueIdentifier>{743a0328-0b8d-4c57-baa5-484e65a65dc1}</UniqueIdentifier>
    </Filter>
    <Filter Include="Source Files\util">
      <UniqueIdentifier>{e33e593f-37c9-4192-b451-4e51186cc55b}</UniqueIdentifier>
    </Filter>
    <Filter Include="Header Files\file">
      <UniqueIdentifier>{93320751-3279-42c6-a513-cb498bc0a502}</UniqueIdentifier>
    </Filter>
    <Filter Include="Header Files\util">
      <UniqueIdentifier>{d0d13666-f6f4-400f-bf02-f80ff7cfd938}</UniqueIdentifier>
    </Filter>
    <Filter Include="Source Files\libbluray\bdnav">
      <UniqueIdentifier>{97c16755-f5bd-4400-a53b-9bfe7fe2b91c}</UniqueIdentifier>
    </Filter>
    <Filter Include="Header Files\libbluray">
      <UniqueIdentifier>{5966f62d-32df-49a7-8dc6-d39e86ea17be}</UniqueIdentifier>
    </Filter>
    <Filter Include="Header Files\libbluray\bdnav">
      <UniqueIdentifier>{afdfe40e-412b-4b5d-9498-fd21d5cb75ea}</UniqueIdentifier>
    </Filter>
    <Filter Include="Source Files\libbluray\decoders">
      <UniqueIdentifier>{7ea572ff-6c53-438e-82f3-e80b5e66c4fc}</UniqueIdentifier>
    </Filter>
    <Filter Include="Header Files\libbluray\decoders">
      <UniqueIdentifier>{d28656d6-1ce3-4286-ad2f-9cb872bc6e93}</UniqueIdentifier>
    </Filter>
    <Filter Include="Source Files\libbluray\hdmv">
      <UniqueIdentifier>{94aec8a2-cf39-4ab4-ba40-516285fd7b1d}</UniqueIdentifier>
    </Filter>
    <Filter Include="Header Files\libbluray\hdmv">
      <UniqueIdentifier>{a7ea0afd-67b2-4fe1-a186-b6bd9dcc1caa}</UniqueIdentifier>
    </Filter>
    <Filter Include="Header Files\libbluray\bdj">
      <UniqueIdentifier>{ac08585b-1e14-494b-a526-52baa3f8257e}</UniqueIdentifier>
    </Filter>
    <Filter Include="Source Files\libbluray\bdj">
      <UniqueIdentifier>{79b92a43-418e-46b3-b05c-72acd10707ad}</UniqueIdentifier>
    </Filter>
    <Filter Include="Source Files\libbluray\bdj\native">
      <UniqueIdentifier>{511341db-dfd9-4e97-98fe-88c51862f104}</UniqueIdentifier>
    </Filter>
    <Filter Include="Header Files\libbluray\bdj\native">
      <UniqueIdentifier>{bae98ff5-1d78-48b3-8ec1-2cc3fe001c3c}</UniqueIdentifier>
    </Filter>
    <Filter Include="Header Files\libbluray\disc">
      <UniqueIdentifier>{25bb1b92-1b24-4c74-925d-bbe0dabbb8bd}</UniqueIdentifier>
    </Filter>
    <Filter Include="Source Files\libbluray\disc">
      <UniqueIdentifier>{cf64b6b0-44d1-46c3-946b-17dc2785bd49}</UniqueIdentifier>
    </Filter>
    <Filter Include="Header Files\contrib">
      <UniqueIdentifier>{946baabd-0880-4f58-b19a-076f00e291f4}</UniqueIdentifier>
    </Filter>
    <Filter Include="Source Files\contrib">
      <UniqueIdentifier>{040b497c-8088-4918-b7e7-7a052959e0b9}</UniqueIdentifier>
    </Filter>
    <Filter Include="Header Files\contrib\libudfread">
      <UniqueIdentifier>{40af3393-9fbd-49a6-998b-a685d822f228}</UniqueIdentifier>
    </Filter>
    <Filter Include="Source Files\contrib\libudfread">
      <UniqueIdentifier>{f084a993-efdd-42bd-ba19-50b8bec8cebd}</UniqueIdentifier>
    </Filter>
  </ItemGroup>
  <ItemGroup>
    <ClInclude Include="config.h">
      <Filter>Header Files</Filter>
    </ClInclude>
    <ClInclude Include="version.h">
      <Filter>Header Files</Filter>
    </ClInclude>
    <ClInclude Include="src\libbluray\bluray-version.h">
      <Filter>Header Files</Filter>
    </ClInclude>
    <ClInclude Include="..\src\util\array.h">
      <Filter>Header Files\util</Filter>
    </ClInclude>
    <ClInclude Include="..\src\util\attributes.h">
      <Filter>Header Files\util</Filter>
    </ClInclude>
    <ClInclude Include="..\src\util\bits.h">
      <Filter>Header Files\util</Filter>
    </ClInclude>
    <ClInclude Include="..\src\util\log_control.h">
      <Filter>Header Files\util</Filter>
    </ClInclude>
    <ClInclude Include="..\src\util\logging.h">
      <Filter>Header Files\util</Filter>
    </ClInclude>
    <ClInclude Include="..\src\util\macro.h">
      <Filter>Header Files\util</Filter>
    </ClInclude>
    <ClInclude Include="..\src\util\mutex.h">
      <Filter>Header Files\util</Filter>
    </ClInclude>
    <ClInclude Include="..\src\util\refcnt.h">
      <Filter>Header Files\util</Filter>
    </ClInclude>
    <ClInclude Include="..\src\util\strutl.h">
      <Filter>Header Files\util</Filter>
    </ClInclude>
    <ClInclude Include="..\src\util\time.h">
      <Filter>Header Files\util</Filter>
    </ClInclude>
    <ClInclude Include="..\src\file\dirs.h">
      <Filter>Header Files\file</Filter>
    </ClInclude>
    <ClInclude Include="..\src\file\dl.h">
      <Filter>Header Files\file</Filter>
    </ClInclude>
    <ClInclude Include="..\src\file\file.h">
      <Filter>Header Files\file</Filter>
    </ClInclude>
    <ClInclude Include="..\src\file\filesystem.h">
      <Filter>Header Files\file</Filter>
    </ClInclude>
    <ClInclude Include="..\src\libbluray\bluray.h">
      <Filter>Header Files\libbluray</Filter>
    </ClInclude>
    <ClInclude Include="..\src\libbluray\bluray_internal.h">
      <Filter>Header Files\libbluray</Filter>
    </ClInclude>
    <ClInclude Include="..\src\libbluray\keys.h">
      <Filter>Header Files\libbluray</Filter>
    </ClInclude>
    <ClInclude Include="..\src\libbluray\register.h">
      <Filter>Header Files\libbluray</Filter>
    </ClInclude>
    <ClInclude Include="..\src\libbluray\bdnav\bdid_parse.h">
      <Filter>Header Files\libbluray\bdnav</Filter>
    </ClInclude>
    <ClInclude Include="..\src\libbluray\bdnav\bdparse.h">
      <Filter>Header Files\libbluray\bdnav</Filter>
    </ClInclude>
    <ClInclude Include="..\src\libbluray\bdnav\clpi_parse.h">
      <Filter>Header Files\libbluray\bdnav</Filter>
    </ClInclude>
    <ClInclude Include="..\src\libbluray\bdnav\extdata_parse.h">
      <Filter>Header Files\libbluray\bdnav</Filter>
    </ClInclude>
    <ClInclude Include="..\src\libbluray\bdnav\index_parse.h">
      <Filter>Header Files\libbluray\bdnav</Filter>
    </ClInclude>
    <ClInclude Include="..\src\libbluray\bdnav\meta_data.h">
      <Filter>Header Files\libbluray\bdnav</Filter>
    </ClInclude>
    <ClInclude Include="..\src\libbluray\bdnav\meta_parse.h">
      <Filter>Header Files\libbluray\bdnav</Filter>
    </ClInclude>
    <ClInclude Include="..\src\libbluray\bdnav\mpls_parse.h">
      <Filter>Header Files\libbluray\bdnav</Filter>
    </ClInclude>
    <ClInclude Include="..\src\libbluray\bdnav\navigation.h">
      <Filter>Header Files\libbluray\bdnav</Filter>
    </ClInclude>
    <ClInclude Include="..\src\libbluray\bdnav\sound_parse.h">
      <Filter>Header Files\libbluray\bdnav</Filter>
    </ClInclude>
    <ClInclude Include="..\src\libbluray\bdnav\uo_mask_table.h">
      <Filter>Header Files\libbluray\bdnav</Filter>
    </ClInclude>
    <ClInclude Include="..\src\libbluray\decoders\graphics_controller.h">
      <Filter>Header Files\libbluray\decoders</Filter>
    </ClInclude>
    <ClInclude Include="..\src\libbluray\decoders\graphics_processor.h">
      <Filter>Header Files\libbluray\decoders</Filter>
    </ClInclude>
    <ClInclude Include="..\src\libbluray\decoders\ig.h">
      <Filter>Header Files\libbluray\decoders</Filter>
    </ClInclude>
    <ClInclude Include="..\src\libbluray\decoders\ig_decode.h">
      <Filter>Header Files\libbluray\decoders</Filter>
    </ClInclude>
    <ClInclude Include="..\src\libbluray\decoders\m2ts_demux.h">
      <Filter>Header Files\libbluray\decoders</Filter>
    </ClInclude>
    <ClInclude Include="..\src\libbluray\decoders\m2ts_filter.h">
      <Filter>Header Files\libbluray\decoders</Filter>
    </ClInclude>
    <ClInclude Include="..\src\libbluray\decoders\overlay.h">
      <Filter>Header Files\libbluray\decoders</Filter>
    </ClInclude>
    <ClInclude Include="..\src\libbluray\decoders\pes_buffer.h">
      <Filter>Header Files\libbluray\decoders</Filter>
    </ClInclude>
    <ClInclude Include="..\src\libbluray\decoders\pg.h">
      <Filter>Header Files\libbluray\decoders</Filter>
    </ClInclude>
    <ClInclude Include="..\src\libbluray\decoders\pg_decode.h">
      <Filter>Header Files\libbluray\decoders</Filter>
    </ClInclude>
    <ClInclude Include="..\src\libbluray\decoders\rle.h">
      <Filter>Header Files\libbluray\decoders</Filter>
    </ClInclude>
    <ClInclude Include="..\src\libbluray\decoders\textst.h">
      <Filter>Header Files\libbluray\decoders</Filter>
    </ClInclude>
    <ClInclude Include="..\src\libbluray\decoders\textst_decode.h">
      <Filter>Header Files\libbluray\decoders</Filter>
    </ClInclude>
    <ClInclude Include="..\src\libbluray\decoders\textst_render.h">
      <Filter>Header Files\libbluray\decoders</Filter>
    </ClInclude>
    <ClInclude Include="..\src\libbluray\hdmv\hdmv_insn.h">
      <Filter>Header Files\libbluray\hdmv</Filter>
    </ClInclude>
    <ClInclude Include="..\src\libbluray\hdmv\hdmv_vm.h">
      <Filter>Header Files\libbluray\hdmv</Filter>
    </ClInclude>
    <ClInclude Include="..\src\libbluray\hdmv\mobj_parse.h">
      <Filter>Header Files\libbluray\hdmv</Filter>
    </ClInclude>
    <ClInclude Include="..\src\libbluray\bdj\native\java_awt_BDFontMetrics.h">
      <Filter>Header Files\libbluray\bdj\native</Filter>
    </ClInclude>
    <ClInclude Include="..\src\libbluray\bdj\native\java_awt_BDGraphics.h">
      <Filter>Header Files\libbluray\bdj\native</Filter>
    </ClInclude>
    <ClInclude Include="..\src\libbluray\bdj\native\org_videolan_Libbluray.h">
      <Filter>Header Files\libbluray\bdj\native</Filter>
    </ClInclude>
    <ClInclude Include="..\src\libbluray\bdj\native\org_videolan_Logger.h">
      <Filter>Header Files\libbluray\bdj\native</Filter>
    </ClInclude>
    <ClInclude Include="..\src\libbluray\bdj\native\register_native.h">
      <Filter>Header Files\libbluray\bdj\native</Filter>
    </ClInclude>
    <ClInclude Include="..\src\libbluray\bdj\bdj.h">
      <Filter>Header Files\libbluray\bdj</Filter>
    </ClInclude>
    <ClInclude Include="..\src\file\mount.h">
      <Filter>Header Files\file</Filter>
    </ClInclude>
    <ClInclude Include="..\src\libbluray\player_settings.h">
      <Filter>Header Files\libbluray</Filter>
    </ClInclude>
    <ClInclude Include="..\src\libbluray\bdj\bdjo_data.h">
      <Filter>Header Files\libbluray\bdj</Filter>
    </ClInclude>
    <ClInclude Include="..\src\libbluray\bdj\bdjo_parse.h">
      <Filter>Header Files\libbluray\bdj</Filter>
    </ClInclude>
    <ClInclude Include="..\src\libbluray\bdj\native\bdjo.h">
      <Filter>Header Files\libbluray\bdj\native</Filter>
    </ClInclude>
    <ClInclude Include="..\src\libbluray\bdj\native\util.h">
      <Filter>Header Files\libbluray\bdj\native</Filter>
    </ClInclude>
    <ClInclude Include="..\src\libbluray\bdnav\clpi_data.h">
      <Filter>Header Files\libbluray\bdnav</Filter>
    </ClInclude>
    <ClInclude Include="..\src\libbluray\decoders\hdmv_pids.h">
      <Filter>Header Files\libbluray\decoders</Filter>
    </ClInclude>
    <ClInclude Include="..\src\libbluray\hdmv\mobj_data.h">
      <Filter>Header Files\libbluray\hdmv</Filter>
    </ClInclude>
    <ClInclude Include="..\src\libbluray\hdmv\mobj_print.h">
      <Filter>Header Files\libbluray\hdmv</Filter>
    </ClInclude>
    <ClInclude Include="..\src\libbluray\disc\bdplus.h">
      <Filter>Header Files\libbluray\disc</Filter>
    </ClInclude>
    <ClInclude Include="..\src\libbluray\disc\aacs.h">
      <Filter>Header Files\libbluray\disc</Filter>
    </ClInclude>
    <ClInclude Include="..\src\libbluray\disc\enc_info.h">
      <Filter>Header Files\libbluray\disc</Filter>
    </ClInclude>
    <ClInclude Include="..\src\libbluray\disc\dec.h">
      <Filter>Header Files\libbluray\disc</Filter>
    </ClInclude>
    <ClInclude Include="..\src\libbluray\disc\disc.h">
      <Filter>Header Files\libbluray\disc</Filter>
    </ClInclude>
    <ClInclude Include="..\src\util\event_queue.h">
      <Filter>Header Files\util</Filter>
    </ClInclude>
    <ClInclude Include="..\src\libbluray\bdnav\mpls_data.h">
      <Filter>Header Files\libbluray\bdnav</Filter>
    </ClInclude>
    <ClInclude Include="..\src\libbluray\bdnav\uo_mask.h">
      <Filter>Header Files\libbluray\bdnav</Filter>
    </ClInclude>
    <ClInclude Include="..\src\libbluray\disc\properties.h">
      <Filter>Header Files\libbluray\disc</Filter>
    </ClInclude>
    <ClInclude Include="..\src\libbluray\disc\udf_fs.h">
      <Filter>Header Files\libbluray\disc</Filter>
    </ClInclude>
    <ClInclude Include="contrib\libudfread\src\blockinput.h">
      <Filter>Header Files\contrib\libudfread</Filter>
    </ClInclude>
    <ClInclude Include="contrib\libudfread\src\default_blockinput.h">
      <Filter>Header Files\contrib\libudfread</Filter>
    </ClInclude>
    <ClInclude Include="contrib\libudfread\src\ecma167.h">
      <Filter>Header Files\contrib\libudfread</Filter>
    </ClInclude>
    <ClInclude Include="contrib\libudfread\src\udfread.h">
      <Filter>Header Files\contrib\libudfread</Filter>
    </ClInclude>
    <ClInclude Include="..\src\libbluray\bdnav\bdmv_parse.h">
      <Filter>Header Files\libbluray\bdnav</Filter>
    </ClInclude>
  </ItemGroup>
  <ItemGroup>
    <ClCompile Include="..\src\file\file_win32.c">
      <Filter>Source Files\file</Filter>
    </ClCompile>
    <ClCompile Include="..\src\file\filesystem.c">
      <Filter>Source Files\file</Filter>
    </ClCompile>
    <ClCompile Include="..\src\file\dir_win32.c">
      <Filter>Source Files\file</Filter>
    </ClCompile>
    <ClCompile Include="..\src\file\dirs_win32.c">
      <Filter>Source Files\file</Filter>
    </ClCompile>
    <ClCompile Include="..\src\file\dl_win32.c">
      <Filter>Source Files\file</Filter>
    </ClCompile>
    <ClCompile Include="..\src\file\file.c">
      <Filter>Source Files\file</Filter>
    </ClCompile>
    <ClCompile Include="..\src\util\bits.c">
      <Filter>Source Files\util</Filter>
    </ClCompile>
    <ClCompile Include="..\src\util\logging.c">
      <Filter>Source Files\util</Filter>
    </ClCompile>
    <ClCompile Include="..\src\util\mutex.c">
      <Filter>Source Files\util</Filter>
    </ClCompile>
    <ClCompile Include="..\src\util\refcnt.c">
      <Filter>Source Files\util</Filter>
    </ClCompile>
    <ClCompile Include="..\src\util\strutl.c">
      <Filter>Source Files\util</Filter>
    </ClCompile>
    <ClCompile Include="..\src\util\array.c">
      <Filter>Source Files\util</Filter>
    </ClCompile>
    <ClCompile Include="..\src\libbluray\register.c">
      <Filter>Source Files\libbluray</Filter>
    </ClCompile>
    <ClCompile Include="..\src\libbluray\bluray.c">
      <Filter>Source Files\libbluray</Filter>
    </ClCompile>
    <ClCompile Include="..\src\libbluray\bdnav\clpi_parse.c">
      <Filter>Source Files\libbluray\bdnav</Filter>
    </ClCompile>
    <ClCompile Include="..\src\libbluray\bdnav\extdata_parse.c">
      <Filter>Source Files\libbluray\bdnav</Filter>
    </ClCompile>
    <ClCompile Include="..\src\libbluray\bdnav\index_parse.c">
      <Filter>Source Files\libbluray\bdnav</Filter>
    </ClCompile>
    <ClCompile Include="..\src\libbluray\bdnav\meta_parse.c">
      <Filter>Source Files\libbluray\bdnav</Filter>
    </ClCompile>
    <ClCompile Include="..\src\libbluray\bdnav\mpls_parse.c">
      <Filter>Source Files\libbluray\bdnav</Filter>
    </ClCompile>
    <ClCompile Include="..\src\libbluray\bdnav\navigation.c">
      <Filter>Source Files\libbluray\bdnav</Filter>
    </ClCompile>
    <ClCompile Include="..\src\libbluray\bdnav\sound_parse.c">
      <Filter>Source Files\libbluray\bdnav</Filter>
    </ClCompile>
    <ClCompile Include="..\src\libbluray\bdnav\bdid_parse.c">
      <Filter>Source Files\libbluray\bdnav</Filter>
    </ClCompile>
    <ClCompile Include="..\src\libbluray\decoders\graphics_processor.c">
      <Filter>Source Files\libbluray\decoders</Filter>
    </ClCompile>
    <ClCompile Include="..\src\libbluray\decoders\ig_decode.c">
      <Filter>Source Files\libbluray\decoders</Filter>
    </ClCompile>
    <ClCompile Include="..\src\libbluray\decoders\m2ts_demux.c">
      <Filter>Source Files\libbluray\decoders</Filter>
    </ClCompile>
    <ClCompile Include="..\src\libbluray\decoders\m2ts_filter.c">
      <Filter>Source Files\libbluray\decoders</Filter>
    </ClCompile>
    <ClCompile Include="..\src\libbluray\decoders\pes_buffer.c">
      <Filter>Source Files\libbluray\decoders</Filter>
    </ClCompile>
    <ClCompile Include="..\src\libbluray\decoders\pg_decode.c">
      <Filter>Source Files\libbluray\decoders</Filter>
    </ClCompile>
    <ClCompile Include="..\src\libbluray\decoders\rle.c">
      <Filter>Source Files\libbluray\decoders</Filter>
    </ClCompile>
    <ClCompile Include="..\src\libbluray\decoders\textst_decode.c">
      <Filter>Source Files\libbluray\decoders</Filter>
    </ClCompile>
    <ClCompile Include="..\src\libbluray\decoders\textst_render.c">
      <Filter>Source Files\libbluray\decoders</Filter>
    </ClCompile>
    <ClCompile Include="..\src\libbluray\decoders\graphics_controller.c">
      <Filter>Source Files\libbluray\decoders</Filter>
    </ClCompile>
    <ClCompile Include="..\src\libbluray\hdmv\mobj_parse.c">
      <Filter>Source Files\libbluray\hdmv</Filter>
    </ClCompile>
    <ClCompile Include="..\src\libbluray\hdmv\mobj_print.c">
      <Filter>Source Files\libbluray\hdmv</Filter>
    </ClCompile>
    <ClCompile Include="..\src\libbluray\hdmv\hdmv_vm.c">
      <Filter>Source Files\libbluray\hdmv</Filter>
    </ClCompile>
    <ClCompile Include="..\src\libbluray\bdj\bdj.c">
      <Filter>Source Files\libbluray\bdj</Filter>
    </ClCompile>
    <ClCompile Include="..\src\libbluray\bdj\native\org_videolan_Libbluray.c">
      <Filter>Source Files\libbluray\bdj\native</Filter>
    </ClCompile>
    <ClCompile Include="..\src\libbluray\bdj\native\org_videolan_Logger.c">
      <Filter>Source Files\libbluray\bdj\native</Filter>
    </ClCompile>
    <ClCompile Include="..\src\libbluray\bdj\native\register_native.c">
      <Filter>Source Files\libbluray\bdj\native</Filter>
    </ClCompile>
    <ClCompile Include="..\src\libbluray\bdj\native\java_awt_BDFontMetrics.c">
      <Filter>Source Files\libbluray\bdj\native</Filter>
    </ClCompile>
    <ClCompile Include="..\src\libbluray\bdj\native\java_awt_BDGraphics.c">
      <Filter>Source Files\libbluray\bdj\native</Filter>
    </ClCompile>
    <ClCompile Include="..\src\file\mount.c">
      <Filter>Source Files\file</Filter>
    </ClCompile>
    <ClCompile Include="..\src\libbluray\bdj\bdjo_parse.c">
      <Filter>Source Files\libbluray\bdj</Filter>
    </ClCompile>
    <ClCompile Include="..\src\libbluray\bdj\native\bdjo.c">
      <Filter>Source Files\libbluray\bdj\native</Filter>
    </ClCompile>
    <ClCompile Include="..\src\libbluray\bdj\native\util.c">
      <Filter>Source Files\libbluray\bdj\native</Filter>
    </ClCompile>
    <ClCompile Include="..\src\libbluray\disc\aacs.c">
      <Filter>Source Files\libbluray\disc</Filter>
    </ClCompile>
    <ClCompile Include="..\src\libbluray\disc\bdplus.c">
      <Filter>Source Files\libbluray\disc</Filter>
    </ClCompile>
    <ClCompile Include="..\src\util\time.c">
      <Filter>Source Files\util</Filter>
    </ClCompile>
    <ClCompile Include="..\src\libbluray\disc\dec.c">
      <Filter>Source Files\libbluray\disc</Filter>
    </ClCompile>
    <ClCompile Include="..\src\libbluray\disc\disc.c">
      <Filter>Source Files\libbluray\disc</Filter>
    </ClCompile>
    <ClCompile Include="..\src\util\event_queue.c">
      <Filter>Source Files\util</Filter>
    </ClCompile>
    <ClCompile Include="..\src\libbluray\bdnav\uo_mask.c">
      <Filter>Source Files\libbluray\bdnav</Filter>
    </ClCompile>
    <ClCompile Include="..\src\libbluray\disc\properties.c">
      <Filter>Source Files\libbluray\disc</Filter>
    </ClCompile>
    <ClCompile Include="..\src\libbluray\disc\udf_fs.c">
      <Filter>Source Files\libbluray\disc</Filter>
    </ClCompile>
    <ClCompile Include="contrib\libudfread\src\default_blockinput.c">
      <Filter>Source Files\contrib\libudfread</Filter>
    </ClCompile>
    <ClCompile Include="contrib\libudfread\src\ecma167.c">
      <Filter>Source Files\contrib\libudfread</Filter>
    </ClCompile>
    <ClCompile Include="contrib\libudfread\src\udfread.c">
      <Filter>Source Files\contrib\libudfread</Filter>
    </ClCompile>
    <ClCompile Include="..\src\libbluray\bdnav\bdmv_parse.c">
      <Filter>Source Files\libbluray\bdnav</Filter>
    </ClCompile>
    <ClCompile Include="..\src\file\dirs_uwp.cpp">
      <Filter>Source Files\file</Filter>
    </ClCompile>
  </ItemGroup>
  <ItemGroup>
    <None Include="libbluray.def">
      <Filter>Resource Files</Filter>
    </None>
  </ItemGroup>
  <ItemGroup>
    <Text Include="readme.txt" />
  </ItemGroup>
</Project>